// !$*UTF8*$!
{
	archiveVersion = 1;
	classes = {
	};
	objectVersion = 46;
	objects = {

/* Begin PBXBuildFile section */
		BCD1870919D0A303001783E4 /* AppDelegate.swift in Sources */ = {isa = PBXBuildFile; fileRef = BCD1870819D0A303001783E4 /* AppDelegate.swift */; };
		BCD1870B19D0A303001783E4 /* ViewController.swift in Sources */ = {isa = PBXBuildFile; fileRef = BCD1870A19D0A303001783E4 /* ViewController.swift */; };
		BCD1870E19D0A303001783E4 /* Main.storyboard in Resources */ = {isa = PBXBuildFile; fileRef = BCD1870C19D0A303001783E4 /* Main.storyboard */; };
		BCD1871019D0A303001783E4 /* Images.xcassets in Resources */ = {isa = PBXBuildFile; fileRef = BCD1870F19D0A303001783E4 /* Images.xcassets */; };
		BCD1871C19D0A303001783E4 /* sportsImageTests.swift in Sources */ = {isa = PBXBuildFile; fileRef = BCD1871B19D0A303001783E4 /* sportsImageTests.swift */; };
/* End PBXBuildFile section */

/* Begin PBXContainerItemProxy section */
		BCD1871619D0A303001783E4 /* PBXContainerItemProxy */ = {
			isa = PBXContainerItemProxy;
			containerPortal = BCD186FB19D0A303001783E4 /* Project object */;
			proxyType = 1;
			remoteGlobalIDString = BCD1870219D0A303001783E4;
			remoteInfo = sportsImage;
		};
/* End PBXContainerItemProxy section */

/* Begin PBXFileReference section */
		BCD1870319D0A303001783E4 /* sportsImage.app */ = {isa = PBXFileReference; explicitFileType = wrapper.application; includeInIndex = 0; path = sportsImage.app; sourceTree = BUILT_PRODUCTS_DIR; };
		BCD1870719D0A303001783E4 /* Info.plist */ = {isa = PBXFileReference; lastKnownFileType = text.plist.xml; path = Info.plist; sourceTree = "<group>"; };
		BCD1870819D0A303001783E4 /* AppDelegate.swift */ = {isa = PBXFileReference; lastKnownFileType = sourcecode.swift; path = AppDelegate.swift; sourceTree = "<group>"; };
		BCD1870A19D0A303001783E4 /* ViewController.swift */ = {isa = PBXFileReference; lastKnownFileType = sourcecode.swift; path = ViewController.swift; sourceTree = "<group>"; };
		BCD1870D19D0A303001783E4 /* Base */ = {isa = PBXFileReference; lastKnownFileType = file.storyboard; name = Base; path = Base.lproj/Main.storyboard; sourceTree = "<group>"; };
		BCD1870F19D0A303001783E4 /* Images.xcassets */ = {isa = PBXFileReference; lastKnownFileType = folder.assetcatalog; path = Images.xcassets; sourceTree = "<group>"; };
		BCD1871519D0A303001783E4 /* sportsImageTests.xctest */ = {isa = PBXFileReference; explicitFileType = wrapper.cfbundle; includeInIndex = 0; path = sportsImageTests.xctest; sourceTree = BUILT_PRODUCTS_DIR; };
		BCD1871A19D0A303001783E4 /* Info.plist */ = {isa = PBXFileReference; lastKnownFileType = text.plist.xml; path = Info.plist; sourceTree = "<group>"; };
		BCD1871B19D0A303001783E4 /* sportsImageTests.swift */ = {isa = PBXFileReference; lastKnownFileType = sourcecode.swift; path = sportsImageTests.swift; sourceTree = "<group>"; };
/* End PBXFileReference section */

/* Begin PBXFrameworksBuildPhase section */
		BCD1870019D0A303001783E4 /* Frameworks */ = {
			isa = PBXFrameworksBuildPhase;
			buildActionMask = 2147483647;
			files = (
			);
			runOnlyForDeploymentPostprocessing = 0;
		};
		BCD1871219D0A303001783E4 /* Frameworks */ = {
			isa = PBXFrameworksBuildPhase;
			buildActionMask = 2147483647;
			files = (
			);
			runOnlyForDeploymentPostprocessing = 0;
		};
/* End PBXFrameworksBuildPhase section */

/* Begin PBXGroup section */
		BCD186FA19D0A303001783E4 = {
			isa = PBXGroup;
			children = (
				BCD1870519D0A303001783E4 /* sportsImage */,
				BCD1871819D0A303001783E4 /* sportsImageTests */,
				BCD1870419D0A303001783E4 /* Products */,
			);
			sourceTree = "<group>";
		};
		BCD1870419D0A303001783E4 /* Products */ = {
			isa = PBXGroup;
			children = (
				BCD1870319D0A303001783E4 /* sportsImage.app */,
				BCD1871519D0A303001783E4 /* sportsImageTests.xctest */,
			);
			name = Products;
			sourceTree = "<group>";
		};
		BCD1870519D0A303001783E4 /* sportsImage */ = {
			isa = PBXGroup;
			children = (
				BCD1870819D0A303001783E4 /* AppDelegate.swift */,
				BCD1870A19D0A303001783E4 /* ViewController.swift */,
				BCD1870C19D0A303001783E4 /* Main.storyboard */,
				BCD1870F19D0A303001783E4 /* Images.xcassets */,
				BCD1870619D0A303001783E4 /* Supporting Files */,
			);
			path = sportsImage;
			sourceTree = "<group>";
		};
		BCD1870619D0A303001783E4 /* Supporting Files */ = {
			isa = PBXGroup;
			children = (
				BCD1870719D0A303001783E4 /* Info.plist */,
			);
			name = "Supporting Files";
			sourceTree = "<group>";
		};
		BCD1871819D0A303001783E4 /* sportsImageTests */ = {
			isa = PBXGroup;
			children = (
				BCD1871B19D0A303001783E4 /* sportsImageTests.swift */,
				BCD1871919D0A303001783E4 /* Supporting Files */,
			);
			path = sportsImageTests;
			sourceTree = "<group>";
		};
		BCD1871919D0A303001783E4 /* Supporting Files */ = {
			isa = PBXGroup;
			children = (
				BCD1871A19D0A303001783E4 /* Info.plist */,
			);
			name = "Supporting Files";
			sourceTree = "<group>";
		};
/* End PBXGroup section */

/* Begin PBXNativeTarget section */
		BCD1870219D0A303001783E4 /* sportsImage */ = {
			isa = PBXNativeTarget;
			buildConfigurationList = BCD1871F19D0A303001783E4 /* Build configuration list for PBXNativeTarget "sportsImage" */;
			buildPhases = (
				BCD186FF19D0A303001783E4 /* Sources */,
				BCD1870019D0A303001783E4 /* Frameworks */,
				BCD1870119D0A303001783E4 /* Resources */,
			);
			buildRules = (
			);
			dependencies = (
			);
			name = sportsImage;
			productName = sportsImage;
			productReference = BCD1870319D0A303001783E4 /* sportsImage.app */;
			productType = "com.apple.product-type.application";
		};
		BCD1871419D0A303001783E4 /* sportsImageTests */ = {
			isa = PBXNativeTarget;
			buildConfigurationList = BCD1872219D0A303001783E4 /* Build configuration list for PBXNativeTarget "sportsImageTests" */;
			buildPhases = (
				BCD1871119D0A303001783E4 /* Sources */,
				BCD1871219D0A303001783E4 /* Frameworks */,
				BCD1871319D0A303001783E4 /* Resources */,
			);
			buildRules = (
			);
			dependencies = (
				BCD1871719D0A303001783E4 /* PBXTargetDependency */,
			);
			name = sportsImageTests;
			productName = sportsImageTests;
			productReference = BCD1871519D0A303001783E4 /* sportsImageTests.xctest */;
			productType = "com.apple.product-type.bundle.unit-test";
		};
/* End PBXNativeTarget section */

/* Begin PBXProject section */
		BCD186FB19D0A303001783E4 /* Project object */ = {
			isa = PBXProject;
			attributes = {
				LastUpgradeCheck = 0600;
				ORGANIZATIONNAME = "Kelly Linehan";
				TargetAttributes = {
					BCD1870219D0A303001783E4 = {
						CreatedOnToolsVersion = 6.0;
					};
					BCD1871419D0A303001783E4 = {
						CreatedOnToolsVersion = 6.0;
						TestTargetID = BCD1870219D0A303001783E4;
					};
				};
			};
			buildConfigurationList = BCD186FE19D0A303001783E4 /* Build configuration list for PBXProject "sportsImage" */;
			compatibilityVersion = "Xcode 3.2";
			developmentRegion = English;
			hasScannedForEncodings = 0;
			knownRegions = (
				en,
				Base,
			);
			mainGroup = BCD186FA19D0A303001783E4;
			productRefGroup = BCD1870419D0A303001783E4 /* Products */;
			projectDirPath = "";
			projectRoot = "";
			targets = (
				BCD1870219D0A303001783E4 /* sportsImage */,
				BCD1871419D0A303001783E4 /* sportsImageTests */,
			);
		};
/* End PBXProject section */

/* Begin PBXResourcesBuildPhase section */
		BCD1870119D0A303001783E4 /* Resources */ = {
			isa = PBXResourcesBuildPhase;
			buildActionMask = 2147483647;
			files = (
				BCD1870E19D0A303001783E4 /* Main.storyboard in Resources */,
				BCD1871019D0A303001783E4 /* Images.xcassets in Resources */,
			);
			runOnlyForDeploymentPostprocessing = 0;
		};
		BCD1871319D0A303001783E4 /* Resources */ = {
			isa = PBXResourcesBuildPhase;
			buildActionMask = 2147483647;
			files = (
			);
			runOnlyForDeploymentPostprocessing = 0;
		};
/* End PBXResourcesBuildPhase section */

/* Begin PBXSourcesBuildPhase section */
		BCD186FF19D0A303001783E4 /* Sources */ = {
			isa = PBXSourcesBuildPhase;
			buildActionMask = 2147483647;
			files = (
				BCD1870B19D0A303001783E4 /* ViewController.swift in Sources */,
				BCD1870919D0A303001783E4 /* AppDelegate.swift in Sources */,
			);
			runOnlyForDeploymentPostprocessing = 0;
		};
		BCD1871119D0A303001783E4 /* Sources */ = {
			isa = PBXSourcesBuildPhase;
			buildActionMask = 2147483647;
			files = (
				BCD1871C19D0A303001783E4 /* sportsImageTests.swift in Sources */,
			);
			runOnlyForDeploymentPostprocessing = 0;
		};
/* End PBXSourcesBuildPhase section */

/* Begin PBXTargetDependency section */
		BCD1871719D0A303001783E4 /* PBXTargetDependency */ = {
			isa = PBXTargetDependency;
			target = BCD1870219D0A303001783E4 /* sportsImage */;
			targetProxy = BCD1871619D0A303001783E4 /* PBXContainerItemProxy */;
		};
/* End PBXTargetDependency section */

/* Begin PBXVariantGroup section */
		BCD1870C19D0A303001783E4 /* Main.storyboard */ = {
			isa = PBXVariantGroup;
			children = (
				BCD1870D19D0A303001783E4 /* Base */,
			);
			name = Main.storyboard;
			sourceTree = "<group>";
		};
/* End PBXVariantGroup section */

/* Begin XCBuildConfiguration section */
		BCD1871D19D0A303001783E4 /* Debug */ = {
			isa = XCBuildConfiguration;
			buildSettings = {
				ALWAYS_SEARCH_USER_PATHS = NO;
				CLANG_CXX_LANGUAGE_STANDARD = "gnu++0x";
				CLANG_CXX_LIBRARY = "libc++";
				CLANG_ENABLE_MODULES = YES;
				CLANG_ENABLE_OBJC_ARC = YES;
				CLANG_WARN_BOOL_CONVERSION = YES;
				CLANG_WARN_CONSTANT_CONVERSION = YES;
				CLANG_WARN_DIRECT_OBJC_ISA_USAGE = YES_ERROR;
				CLANG_WARN_EMPTY_BODY = YES;
				CLANG_WARN_ENUM_CONVERSION = YES;
				CLANG_WARN_INT_CONVERSION = YES;
				CLANG_WARN_OBJC_ROOT_CLASS = YES_ERROR;
				CLANG_WARN_UNREACHABLE_CODE = YES;
				CLANG_WARN__DUPLICATE_METHOD_MATCH = YES;
				"CODE_SIGN_IDENTITY[sdk=iphoneos*]" = "iPhone Developer";
				COPY_PHASE_STRIP = NO;
				ENABLE_STRICT_OBJC_MSGSEND = YES;
				GCC_C_LANGUAGE_STANDARD = gnu99;
				GCC_DYNAMIC_NO_PIC = NO;
				GCC_OPTIMIZATION_LEVEL = 0;
				GCC_PREPROCESSOR_DEFINITIONS = (
					"DEBUG=1",
					"$(inherited)",
				);
				GCC_SYMBOLS_PRIVATE_EXTERN = NO;
				GCC_WARN_64_TO_32_BIT_CONVERSION = YES;
				GCC_WARN_ABOUT_RETURN_TYPE = YES_ERROR;
				GCC_WARN_UNDECLARED_SELECTOR = YES;
				GCC_WARN_UNINITIALIZED_AUTOS = YES_AGGRESSIVE;
				GCC_WARN_UNUSED_FUNCTION = YES;
				GCC_WARN_UNUSED_VARIABLE = YES;
				IPHONEOS_DEPLOYMENT_TARGET = 8.0;
				MTL_ENABLE_DEBUG_INFO = YES;
				ONLY_ACTIVE_ARCH = YES;
				SDKROOT = iphoneos;
				SWIFT_OPTIMIZATION_LEVEL = "-Onone";
				TARGETED_DEVICE_FAMILY = 2;
			};
			name = Debug;
		};
		BCD1871E19D0A303001783E4 /* Release */ = {
			isa = XCBuildConfiguration;
			buildSettings = {
				ALWAYS_SEARCH_USER_PATHS = NO;
				CLANG_CXX_LANGUAGE_STANDARD = "gnu++0x";
				CLANG_CXX_LIBRARY = "libc++";
				CLANG_ENABLE_MODULES = YES;
				CLANG_ENABLE_OBJC_ARC = YES;
				CLANG_WARN_BOOL_CONVERSION = YES;
				CLANG_WARN_CONSTANT_CONVERSION = YES;
				CLANG_WARN_DIRECT_OBJC_ISA_USAGE = YES_ERROR;
				CLANG_WARN_EMPTY_BODY = YES;
				CLANG_WARN_ENUM_CONVERSION = YES;
				CLANG_WARN_INT_CONVERSION = YES;
				CLANG_WARN_OBJC_ROOT_CLASS = YES_ERROR;
				CLANG_WARN_UNREACHABLE_CODE = YES;
				CLANG_WARN__DUPLICATE_METHOD_MATCH = YES;
				"CODE_SIGN_IDENTITY[sdk=iphoneos*]" = "iPhone Developer";
				COPY_PHASE_STRIP = YES;
				ENABLE_NS_ASSERTIONS = NO;
				ENABLE_STRICT_OBJC_MSGSEND = YES;
				GCC_C_LANGUAGE_STANDARD = gnu99;
				GCC_WARN_64_TO_32_BIT_CONVERSION = YES;
				GCC_WARN_ABOUT_RETURN_TYPE = YES_ERROR;
				GCC_WARN_UNDECLARED_SELECTOR = YES;
				GCC_WARN_UNINITIALIZED_AUTOS = YES_AGGRESSIVE;
				GCC_WARN_UNUSED_FUNCTION = YES;
				GCC_WARN_UNUSED_VARIABLE = YES;
				IPHONEOS_DEPLOYMENT_TARGET = 8.0;
				MTL_ENABLE_DEBUG_INFO = NO;
				SDKROOT = iphoneos;
				TARGETED_DEVICE_FAMILY = 2;
				VALIDATE_PRODUCT = YES;
			};
			name = Release;
		};
		BCD1872019D0A303001783E4 /* Debug */ = {
			isa = XCBuildConfiguration;
			buildSettings = {
				ASSETCATALOG_COMPILER_APPICON_NAME = AppIcon;
				ASSETCATALOG_COMPILER_LAUNCHIMAGE_NAME = LaunchImage;
				INFOPLIST_FILE = sportsImage/Info.plist;
				LD_RUNPATH_SEARCH_PATHS = "$(inherited) @executable_path/Frameworks";
				PRODUCT_NAME = "$(TARGET_NAME)";
			};
			name = Debug;
		};
		BCD1872119D0A303001783E4 /* Release */ = {
			isa = XCBuildConfiguration;
			buildSettings = {
				ASSETCATALOG_COMPILER_APPICON_NAME = AppIcon;
				ASSETCATALOG_COMPILER_LAUNCHIMAGE_NAME = LaunchImage;
				INFOPLIST_FILE = sportsImage/Info.plist;
				LD_RUNPATH_SEARCH_PATHS = "$(inherited) @executable_path/Frameworks";
				PRODUCT_NAME = "$(TARGET_NAME)";
			};
			name = Release;
		};
		BCD1872319D0A303001783E4 /* Debug */ = {
			isa = XCBuildConfiguration;
			buildSettings = {
				BUNDLE_LOADER = "$(TEST_HOST)";
				FRAMEWORK_SEARCH_PATHS = (
					"$(SDKROOT)/Developer/Library/Frameworks",
					"$(inherited)",
				);
				GCC_PREPROCESSOR_DEFINITIONS = (
					"DEBUG=1",
					"$(inherited)",
				);
				INFOPLIST_FILE = sportsImageTests/Info.plist;
				LD_RUNPATH_SEARCH_PATHS = "$(inherited) @executable_path/Frameworks @loader_path/Frameworks";
				PRODUCT_NAME = "$(TARGET_NAME)";
				TEST_HOST = "$(BUILT_PRODUCTS_DIR)/sportsImage.app/sportsImage";
			};
			name = Debug;
		};
		BCD1872419D0A303001783E4 /* Release */ = {
			isa = XCBuildConfiguration;
			buildSettings = {
				BUNDLE_LOADER = "$(TEST_HOST)";
				FRAMEWORK_SEARCH_PATHS = (
					"$(SDKROOT)/Developer/Library/Frameworks",
					"$(inherited)",
				);
				INFOPLIST_FILE = sportsImageTests/Info.plist;
				LD_RUNPATH_SEARCH_PATHS = "$(inherited) @executable_path/Frameworks @loader_path/Frameworks";
				PRODUCT_NAME = "$(TARGET_NAME)";
				TEST_HOST = "$(BUILT_PRODUCTS_DIR)/sportsImage.app/sportsImage";
			};
			name = Release;
		};
/* End XCBuildConfiguration section */

/* Begin XCConfigurationList section */
		BCD186FE19D0A303001783E4 /* Build configuration list for PBXProject "sportsImage" */ = {
			isa = XCConfigurationList;
			buildConfigurations = (
				BCD1871D19D0A303001783E4 /* Debug */,
				BCD1871E19D0A303001783E4 /* Release */,
			);
			defaultConfigurationIsVisible = 0;
			defaultConfigurationName = Release;
		};
		BCD1871F19D0A303001783E4 /* Build configuration list for PBXNativeTarget "sportsImage" */ = {
			isa = XCConfigurationList;
			buildConfigurations = (
				BCD1872019D0A303001783E4 /* Debug */,
				BCD1872119D0A303001783E4 /* Release */,
			);
			defaultConfigurationIsVisible = 0;
		};
		BCD1872219D0A303001783E4 /* Build configuration list for PBXNativeTarget "sportsImageTests" */ = {
			isa = XCConfigurationList;
			buildConfigurations = (
				BCD1872319D0A303001783E4 /* Debug */,
				BCD1872419D0A303001783E4 /* Release */,
			);
			defaultConfigurationIsVisible = 0;
		};
/* End XCConfigurationList section */
	};
	rootObject = BCD186FB19D0A303001783E4 /* Project object */;
}
