// !$*UTF8*$!
{
	archiveVersion = 1;
	classes = {
	};
	objectVersion = 46;
	objects = {

/* Begin PBXBuildFile section */
		BC55C2561A3001B500534B63 /* AppDelegate.swift in Sources */ = {isa = PBXBuildFile; fileRef = BC55C2551A3001B500534B63 /* AppDelegate.swift */; };
		BC55C2581A3001B500534B63 /* ViewController.swift in Sources */ = {isa = PBXBuildFile; fileRef = BC55C2571A3001B500534B63 /* ViewController.swift */; };
		BC55C25B1A3001B500534B63 /* Main.storyboard in Resources */ = {isa = PBXBuildFile; fileRef = BC55C2591A3001B500534B63 /* Main.storyboard */; };
		BC55C25D1A3001B500534B63 /* Images.xcassets in Resources */ = {isa = PBXBuildFile; fileRef = BC55C25C1A3001B500534B63 /* Images.xcassets */; };
		BC55C2601A3001B500534B63 /* LaunchScreen.xib in Resources */ = {isa = PBXBuildFile; fileRef = BC55C25E1A3001B500534B63 /* LaunchScreen.xib */; };
		BC55C26C1A3001B500534B63 /* task_lab13Tests.swift in Sources */ = {isa = PBXBuildFile; fileRef = BC55C26B1A3001B500534B63 /* task_lab13Tests.swift */; };
		BC55C2761A30037C00534B63 /* DataManager.swift in Sources */ = {isa = PBXBuildFile; fileRef = BC55C2751A30037C00534B63 /* DataManager.swift */; };
		BC55C2781A3003A800534B63 /* Task.swift in Sources */ = {isa = PBXBuildFile; fileRef = BC55C2771A3003A800534B63 /* Task.swift */; };
/* End PBXBuildFile section */

/* Begin PBXContainerItemProxy section */
		BC55C2661A3001B500534B63 /* PBXContainerItemProxy */ = {
			isa = PBXContainerItemProxy;
			containerPortal = BC55C2481A3001B500534B63 /* Project object */;
			proxyType = 1;
			remoteGlobalIDString = BC55C24F1A3001B500534B63;
			remoteInfo = task_lab13;
		};
/* End PBXContainerItemProxy section */

/* Begin PBXFileReference section */
		BC55C2501A3001B500534B63 /* task_lab13.app */ = {isa = PBXFileReference; explicitFileType = wrapper.application; includeInIndex = 0; path = task_lab13.app; sourceTree = BUILT_PRODUCTS_DIR; };
		BC55C2541A3001B500534B63 /* Info.plist */ = {isa = PBXFileReference; lastKnownFileType = text.plist.xml; path = Info.plist; sourceTree = "<group>"; };
		BC55C2551A3001B500534B63 /* AppDelegate.swift */ = {isa = PBXFileReference; lastKnownFileType = sourcecode.swift; path = AppDelegate.swift; sourceTree = "<group>"; };
		BC55C2571A3001B500534B63 /* ViewController.swift */ = {isa = PBXFileReference; lastKnownFileType = sourcecode.swift; path = ViewController.swift; sourceTree = "<group>"; };
		BC55C25A1A3001B500534B63 /* Base */ = {isa = PBXFileReference; lastKnownFileType = file.storyboard; name = Base; path = Base.lproj/Main.storyboard; sourceTree = "<group>"; };
		BC55C25C1A3001B500534B63 /* Images.xcassets */ = {isa = PBXFileReference; lastKnownFileType = folder.assetcatalog; path = Images.xcassets; sourceTree = "<group>"; };
		BC55C25F1A3001B500534B63 /* Base */ = {isa = PBXFileReference; lastKnownFileType = file.xib; name = Base; path = Base.lproj/LaunchScreen.xib; sourceTree = "<group>"; };
		BC55C2651A3001B500534B63 /* task_lab13Tests.xctest */ = {isa = PBXFileReference; explicitFileType = wrapper.cfbundle; includeInIndex = 0; path = task_lab13Tests.xctest; sourceTree = BUILT_PRODUCTS_DIR; };
		BC55C26A1A3001B500534B63 /* Info.plist */ = {isa = PBXFileReference; lastKnownFileType = text.plist.xml; path = Info.plist; sourceTree = "<group>"; };
		BC55C26B1A3001B500534B63 /* task_lab13Tests.swift */ = {isa = PBXFileReference; lastKnownFileType = sourcecode.swift; path = task_lab13Tests.swift; sourceTree = "<group>"; };
		BC55C2751A30037C00534B63 /* DataManager.swift */ = {isa = PBXFileReference; fileEncoding = 4; lastKnownFileType = sourcecode.swift; path = DataManager.swift; sourceTree = "<group>"; };
		BC55C2771A3003A800534B63 /* Task.swift */ = {isa = PBXFileReference; fileEncoding = 4; lastKnownFileType = sourcecode.swift; path = Task.swift; sourceTree = "<group>"; };
/* End PBXFileReference section */

/* Begin PBXFrameworksBuildPhase section */
		BC55C24D1A3001B500534B63 /* Frameworks */ = {
			isa = PBXFrameworksBuildPhase;
			buildActionMask = 2147483647;
			files = (
			);
			runOnlyForDeploymentPostprocessing = 0;
		};
		BC55C2621A3001B500534B63 /* Frameworks */ = {
			isa = PBXFrameworksBuildPhase;
			buildActionMask = 2147483647;
			files = (
			);
			runOnlyForDeploymentPostprocessing = 0;
		};
/* End PBXFrameworksBuildPhase section */

/* Begin PBXGroup section */
		BC55C2471A3001B500534B63 = {
			isa = PBXGroup;
			children = (
				BC55C2521A3001B500534B63 /* task_lab13 */,
				BC55C2681A3001B500534B63 /* task_lab13Tests */,
				BC55C2511A3001B500534B63 /* Products */,
			);
			sourceTree = "<group>";
		};
		BC55C2511A3001B500534B63 /* Products */ = {
			isa = PBXGroup;
			children = (
				BC55C2501A3001B500534B63 /* task_lab13.app */,
				BC55C2651A3001B500534B63 /* task_lab13Tests.xctest */,
			);
			name = Products;
			sourceTree = "<group>";
		};
		BC55C2521A3001B500534B63 /* task_lab13 */ = {
			isa = PBXGroup;
			children = (
				BC55C2551A3001B500534B63 /* AppDelegate.swift */,
				BC55C2571A3001B500534B63 /* ViewController.swift */,
				BC55C2751A30037C00534B63 /* DataManager.swift */,
				BC55C2771A3003A800534B63 /* Task.swift */,
				BC55C2591A3001B500534B63 /* Main.storyboard */,
				BC55C25C1A3001B500534B63 /* Images.xcassets */,
				BC55C25E1A3001B500534B63 /* LaunchScreen.xib */,
				BC55C2531A3001B500534B63 /* Supporting Files */,
			);
			path = task_lab13;
			sourceTree = "<group>";
		};
		BC55C2531A3001B500534B63 /* Supporting Files */ = {
			isa = PBXGroup;
			children = (
				BC55C2541A3001B500534B63 /* Info.plist */,
			);
			name = "Supporting Files";
			sourceTree = "<group>";
		};
		BC55C2681A3001B500534B63 /* task_lab13Tests */ = {
			isa = PBXGroup;
			children = (
				BC55C26B1A3001B500534B63 /* task_lab13Tests.swift */,
				BC55C2691A3001B500534B63 /* Supporting Files */,
			);
			path = task_lab13Tests;
			sourceTree = "<group>";
		};
		BC55C2691A3001B500534B63 /* Supporting Files */ = {
			isa = PBXGroup;
			children = (
				BC55C26A1A3001B500534B63 /* Info.plist */,
			);
			name = "Supporting Files";
			sourceTree = "<group>";
		};
/* End PBXGroup section */

/* Begin PBXNativeTarget section */
		BC55C24F1A3001B500534B63 /* task_lab13 */ = {
			isa = PBXNativeTarget;
			buildConfigurationList = BC55C26F1A3001B500534B63 /* Build configuration list for PBXNativeTarget "task_lab13" */;
			buildPhases = (
				BC55C24C1A3001B500534B63 /* Sources */,
				BC55C24D1A3001B500534B63 /* Frameworks */,
				BC55C24E1A3001B500534B63 /* Resources */,
			);
			buildRules = (
			);
			dependencies = (
			);
			name = task_lab13;
			productName = task_lab13;
			productReference = BC55C2501A3001B500534B63 /* task_lab13.app */;
			productType = "com.apple.product-type.application";
		};
		BC55C2641A3001B500534B63 /* task_lab13Tests */ = {
			isa = PBXNativeTarget;
			buildConfigurationList = BC55C2721A3001B500534B63 /* Build configuration list for PBXNativeTarget "task_lab13Tests" */;
			buildPhases = (
				BC55C2611A3001B500534B63 /* Sources */,
				BC55C2621A3001B500534B63 /* Frameworks */,
				BC55C2631A3001B500534B63 /* Resources */,
			);
			buildRules = (
			);
			dependencies = (
				BC55C2671A3001B500534B63 /* PBXTargetDependency */,
			);
			name = task_lab13Tests;
			productName = task_lab13Tests;
			productReference = BC55C2651A3001B500534B63 /* task_lab13Tests.xctest */;
			productType = "com.apple.product-type.bundle.unit-test";
		};
/* End PBXNativeTarget section */

/* Begin PBXProject section */
		BC55C2481A3001B500534B63 /* Project object */ = {
			isa = PBXProject;
			attributes = {
				LastUpgradeCheck = 0610;
				ORGANIZATIONNAME = "Kelly Linehan";
				TargetAttributes = {
					BC55C24F1A3001B500534B63 = {
						CreatedOnToolsVersion = 6.1;
					};
					BC55C2641A3001B500534B63 = {
						CreatedOnToolsVersion = 6.1;
						TestTargetID = BC55C24F1A3001B500534B63;
					};
				};
			};
			buildConfigurationList = BC55C24B1A3001B500534B63 /* Build configuration list for PBXProject "task_lab13" */;
			compatibilityVersion = "Xcode 3.2";
			developmentRegion = English;
			hasScannedForEncodings = 0;
			knownRegions = (
				en,
				Base,
			);
			mainGroup = BC55C2471A3001B500534B63;
			productRefGroup = BC55C2511A3001B500534B63 /* Products */;
			projectDirPath = "";
			projectRoot = "";
			targets = (
				BC55C24F1A3001B500534B63 /* task_lab13 */,
				BC55C2641A3001B500534B63 /* task_lab13Tests */,
			);
		};
/* End PBXProject section */

/* Begin PBXResourcesBuildPhase section */
		BC55C24E1A3001B500534B63 /* Resources */ = {
			isa = PBXResourcesBuildPhase;
			buildActionMask = 2147483647;
			files = (
				BC55C25B1A3001B500534B63 /* Main.storyboard in Resources */,
				BC55C2601A3001B500534B63 /* LaunchScreen.xib in Resources */,
				BC55C25D1A3001B500534B63 /* Images.xcassets in Resources */,
			);
			runOnlyForDeploymentPostprocessing = 0;
		};
		BC55C2631A3001B500534B63 /* Resources */ = {
			isa = PBXResourcesBuildPhase;
			buildActionMask = 2147483647;
			files = (
			);
			runOnlyForDeploymentPostprocessing = 0;
		};
/* End PBXResourcesBuildPhase section */

/* Begin PBXSourcesBuildPhase section */
		BC55C24C1A3001B500534B63 /* Sources */ = {
			isa = PBXSourcesBuildPhase;
			buildActionMask = 2147483647;
			files = (
				BC55C2781A3003A800534B63 /* Task.swift in Sources */,
				BC55C2581A3001B500534B63 /* ViewController.swift in Sources */,
				BC55C2761A30037C00534B63 /* DataManager.swift in Sources */,
				BC55C2561A3001B500534B63 /* AppDelegate.swift in Sources */,
			);
			runOnlyForDeploymentPostprocessing = 0;
		};
		BC55C2611A3001B500534B63 /* Sources */ = {
			isa = PBXSourcesBuildPhase;
			buildActionMask = 2147483647;
			files = (
				BC55C26C1A3001B500534B63 /* task_lab13Tests.swift in Sources */,
			);
			runOnlyForDeploymentPostprocessing = 0;
		};
/* End PBXSourcesBuildPhase section */

/* Begin PBXTargetDependency section */
		BC55C2671A3001B500534B63 /* PBXTargetDependency */ = {
			isa = PBXTargetDependency;
			target = BC55C24F1A3001B500534B63 /* task_lab13 */;
			targetProxy = BC55C2661A3001B500534B63 /* PBXContainerItemProxy */;
		};
/* End PBXTargetDependency section */

/* Begin PBXVariantGroup section */
		BC55C2591A3001B500534B63 /* Main.storyboard */ = {
			isa = PBXVariantGroup;
			children = (
				BC55C25A1A3001B500534B63 /* Base */,
			);
			name = Main.storyboard;
			sourceTree = "<group>";
		};
		BC55C25E1A3001B500534B63 /* LaunchScreen.xib */ = {
			isa = PBXVariantGroup;
			children = (
				BC55C25F1A3001B500534B63 /* Base */,
			);
			name = LaunchScreen.xib;
			sourceTree = "<group>";
		};
/* End PBXVariantGroup section */

/* Begin XCBuildConfiguration section */
		BC55C26D1A3001B500534B63 /* Debug */ = {
			isa = XCBuildConfiguration;
			buildSettings = {
				ALWAYS_SEARCH_USER_PATHS = NO;
				CLANG_CXX_LANGUAGE_STANDARD = "gnu++0x";
				CLANG_CXX_LIBRARY = "libc++";
				CLANG_ENABLE_MODULES = YES;
				CLANG_ENABLE_OBJC_ARC = YES;
				CLANG_WARN_BOOL_CONVERSION = YES;
				CLANG_WARN_CONSTANT_CONVERSION = YES;
				CLANG_WARN_DIRECT_OBJC_ISA_USAGE = YES_ERROR;
				CLANG_WARN_EMPTY_BODY = YES;
				CLANG_WARN_ENUM_CONVERSION = YES;
				CLANG_WARN_INT_CONVERSION = YES;
				CLANG_WARN_OBJC_ROOT_CLASS = YES_ERROR;
				CLANG_WARN_UNREACHABLE_CODE = YES;
				CLANG_WARN__DUPLICATE_METHOD_MATCH = YES;
				"CODE_SIGN_IDENTITY[sdk=iphoneos*]" = "iPhone Developer";
				COPY_PHASE_STRIP = NO;
				ENABLE_STRICT_OBJC_MSGSEND = YES;
				GCC_C_LANGUAGE_STANDARD = gnu99;
				GCC_DYNAMIC_NO_PIC = NO;
				GCC_OPTIMIZATION_LEVEL = 0;
				GCC_PREPROCESSOR_DEFINITIONS = (
					"DEBUG=1",
					"$(inherited)",
				);
				GCC_SYMBOLS_PRIVATE_EXTERN = NO;
				GCC_WARN_64_TO_32_BIT_CONVERSION = YES;
				GCC_WARN_ABOUT_RETURN_TYPE = YES_ERROR;
				GCC_WARN_UNDECLARED_SELECTOR = YES;
				GCC_WARN_UNINITIALIZED_AUTOS = YES_AGGRESSIVE;
				GCC_WARN_UNUSED_FUNCTION = YES;
				GCC_WARN_UNUSED_VARIABLE = YES;
				IPHONEOS_DEPLOYMENT_TARGET = 8.1;
				MTL_ENABLE_DEBUG_INFO = YES;
				ONLY_ACTIVE_ARCH = YES;
				SDKROOT = iphoneos;
				SWIFT_OPTIMIZATION_LEVEL = "-Onone";
			};
			name = Debug;
		};
		BC55C26E1A3001B500534B63 /* Release */ = {
			isa = XCBuildConfiguration;
			buildSettings = {
				ALWAYS_SEARCH_USER_PATHS = NO;
				CLANG_CXX_LANGUAGE_STANDARD = "gnu++0x";
				CLANG_CXX_LIBRARY = "libc++";
				CLANG_ENABLE_MODULES = YES;
				CLANG_ENABLE_OBJC_ARC = YES;
				CLANG_WARN_BOOL_CONVERSION = YES;
				CLANG_WARN_CONSTANT_CONVERSION = YES;
				CLANG_WARN_DIRECT_OBJC_ISA_USAGE = YES_ERROR;
				CLANG_WARN_EMPTY_BODY = YES;
				CLANG_WARN_ENUM_CONVERSION = YES;
				CLANG_WARN_INT_CONVERSION = YES;
				CLANG_WARN_OBJC_ROOT_CLASS = YES_ERROR;
				CLANG_WARN_UNREACHABLE_CODE = YES;
				CLANG_WARN__DUPLICATE_METHOD_MATCH = YES;
				"CODE_SIGN_IDENTITY[sdk=iphoneos*]" = "iPhone Developer";
				COPY_PHASE_STRIP = YES;
				ENABLE_NS_ASSERTIONS = NO;
				ENABLE_STRICT_OBJC_MSGSEND = YES;
				GCC_C_LANGUAGE_STANDARD = gnu99;
				GCC_WARN_64_TO_32_BIT_CONVERSION = YES;
				GCC_WARN_ABOUT_RETURN_TYPE = YES_ERROR;
				GCC_WARN_UNDECLARED_SELECTOR = YES;
				GCC_WARN_UNINITIALIZED_AUTOS = YES_AGGRESSIVE;
				GCC_WARN_UNUSED_FUNCTION = YES;
				GCC_WARN_UNUSED_VARIABLE = YES;
				IPHONEOS_DEPLOYMENT_TARGET = 8.1;
				MTL_ENABLE_DEBUG_INFO = NO;
				SDKROOT = iphoneos;
				VALIDATE_PRODUCT = YES;
			};
			name = Release;
		};
		BC55C2701A3001B500534B63 /* Debug */ = {
			isa = XCBuildConfiguration;
			buildSettings = {
				ASSETCATALOG_COMPILER_APPICON_NAME = AppIcon;
				INFOPLIST_FILE = task_lab13/Info.plist;
				LD_RUNPATH_SEARCH_PATHS = "$(inherited) @executable_path/Frameworks";
				PRODUCT_NAME = "$(TARGET_NAME)";
			};
			name = Debug;
		};
		BC55C2711A3001B500534B63 /* Release */ = {
			isa = XCBuildConfiguration;
			buildSettings = {
				ASSETCATALOG_COMPILER_APPICON_NAME = AppIcon;
				INFOPLIST_FILE = task_lab13/Info.plist;
				LD_RUNPATH_SEARCH_PATHS = "$(inherited) @executable_path/Frameworks";
				PRODUCT_NAME = "$(TARGET_NAME)";
			};
			name = Release;
		};
		BC55C2731A3001B500534B63 /* Debug */ = {
			isa = XCBuildConfiguration;
			buildSettings = {
				BUNDLE_LOADER = "$(TEST_HOST)";
				FRAMEWORK_SEARCH_PATHS = (
					"$(SDKROOT)/Developer/Library/Frameworks",
					"$(inherited)",
				);
				GCC_PREPROCESSOR_DEFINITIONS = (
					"DEBUG=1",
					"$(inherited)",
				);
				INFOPLIST_FILE = task_lab13Tests/Info.plist;
				LD_RUNPATH_SEARCH_PATHS = "$(inherited) @executable_path/Frameworks @loader_path/Frameworks";
				PRODUCT_NAME = "$(TARGET_NAME)";
				TEST_HOST = "$(BUILT_PRODUCTS_DIR)/task_lab13.app/task_lab13";
			};
			name = Debug;
		};
		BC55C2741A3001B500534B63 /* Release */ = {
			isa = XCBuildConfiguration;
			buildSettings = {
				BUNDLE_LOADER = "$(TEST_HOST)";
				FRAMEWORK_SEARCH_PATHS = (
					"$(SDKROOT)/Developer/Library/Frameworks",
					"$(inherited)",
				);
				INFOPLIST_FILE = task_lab13Tests/Info.plist;
				LD_RUNPATH_SEARCH_PATHS = "$(inherited) @executable_path/Frameworks @loader_path/Frameworks";
				PRODUCT_NAME = "$(TARGET_NAME)";
				TEST_HOST = "$(BUILT_PRODUCTS_DIR)/task_lab13.app/task_lab13";
			};
			name = Release;
		};
/* End XCBuildConfiguration section */

/* Begin XCConfigurationList section */
		BC55C24B1A3001B500534B63 /* Build configuration list for PBXProject "task_lab13" */ = {
			isa = XCConfigurationList;
			buildConfigurations = (
				BC55C26D1A3001B500534B63 /* Debug */,
				BC55C26E1A3001B500534B63 /* Release */,
			);
			defaultConfigurationIsVisible = 0;
			defaultConfigurationName = Release;
		};
		BC55C26F1A3001B500534B63 /* Build configuration list for PBXNativeTarget "task_lab13" */ = {
			isa = XCConfigurationList;
			buildConfigurations = (
				BC55C2701A3001B500534B63 /* Debug */,
				BC55C2711A3001B500534B63 /* Release */,
			);
			defaultConfigurationIsVisible = 0;
		};
		BC55C2721A3001B500534B63 /* Build configuration list for PBXNativeTarget "task_lab13Tests" */ = {
			isa = XCConfigurationList;
			buildConfigurations = (
				BC55C2731A3001B500534B63 /* Debug */,
				BC55C2741A3001B500534B63 /* Release */,
			);
			defaultConfigurationIsVisible = 0;
		};
/* End XCConfigurationList section */
	};
	rootObject = BC55C2481A3001B500534B63 /* Project object */;
}
