// !$*UTF8*$!
{
	archiveVersion = 1;
	classes = {
	};
	objectVersion = 46;
	objects = {

/* Begin PBXBuildFile section */
		BCC4779C19DBE01A002069B1 /* AppDelegate.swift in Sources */ = {isa = PBXBuildFile; fileRef = BCC4779B19DBE01A002069B1 /* AppDelegate.swift */; };
		BCC4779E19DBE01A002069B1 /* ViewController.swift in Sources */ = {isa = PBXBuildFile; fileRef = BCC4779D19DBE01A002069B1 /* ViewController.swift */; };
		BCC477A119DBE01A002069B1 /* Main.storyboard in Resources */ = {isa = PBXBuildFile; fileRef = BCC4779F19DBE01A002069B1 /* Main.storyboard */; };
		BCC477A319DBE01A002069B1 /* Images.xcassets in Resources */ = {isa = PBXBuildFile; fileRef = BCC477A219DBE01A002069B1 /* Images.xcassets */; };
		BCC477AF19DBE01A002069B1 /* Project1Tests.swift in Sources */ = {isa = PBXBuildFile; fileRef = BCC477AE19DBE01A002069B1 /* Project1Tests.swift */; };
/* End PBXBuildFile section */

/* Begin PBXContainerItemProxy section */
		BCC477A919DBE01A002069B1 /* PBXContainerItemProxy */ = {
			isa = PBXContainerItemProxy;
			containerPortal = BCC4778E19DBE01A002069B1 /* Project object */;
			proxyType = 1;
			remoteGlobalIDString = BCC4779519DBE01A002069B1;
			remoteInfo = Project1;
		};
/* End PBXContainerItemProxy section */

/* Begin PBXFileReference section */
		BCC4779619DBE01A002069B1 /* Project1.app */ = {isa = PBXFileReference; explicitFileType = wrapper.application; includeInIndex = 0; path = Project1.app; sourceTree = BUILT_PRODUCTS_DIR; };
		BCC4779A19DBE01A002069B1 /* Info.plist */ = {isa = PBXFileReference; lastKnownFileType = text.plist.xml; path = Info.plist; sourceTree = "<group>"; };
		BCC4779B19DBE01A002069B1 /* AppDelegate.swift */ = {isa = PBXFileReference; lastKnownFileType = sourcecode.swift; path = AppDelegate.swift; sourceTree = "<group>"; };
		BCC4779D19DBE01A002069B1 /* ViewController.swift */ = {isa = PBXFileReference; lastKnownFileType = sourcecode.swift; path = ViewController.swift; sourceTree = "<group>"; };
		BCC477A019DBE01A002069B1 /* Base */ = {isa = PBXFileReference; lastKnownFileType = file.storyboard; name = Base; path = Base.lproj/Main.storyboard; sourceTree = "<group>"; };
		BCC477A219DBE01A002069B1 /* Images.xcassets */ = {isa = PBXFileReference; lastKnownFileType = folder.assetcatalog; path = Images.xcassets; sourceTree = "<group>"; };
		BCC477A819DBE01A002069B1 /* Project1Tests.xctest */ = {isa = PBXFileReference; explicitFileType = wrapper.cfbundle; includeInIndex = 0; path = Project1Tests.xctest; sourceTree = BUILT_PRODUCTS_DIR; };
		BCC477AD19DBE01A002069B1 /* Info.plist */ = {isa = PBXFileReference; lastKnownFileType = text.plist.xml; path = Info.plist; sourceTree = "<group>"; };
		BCC477AE19DBE01A002069B1 /* Project1Tests.swift */ = {isa = PBXFileReference; lastKnownFileType = sourcecode.swift; path = Project1Tests.swift; sourceTree = "<group>"; };
/* End PBXFileReference section */

/* Begin PBXFrameworksBuildPhase section */
		BCC4779319DBE01A002069B1 /* Frameworks */ = {
			isa = PBXFrameworksBuildPhase;
			buildActionMask = 2147483647;
			files = (
			);
			runOnlyForDeploymentPostprocessing = 0;
		};
		BCC477A519DBE01A002069B1 /* Frameworks */ = {
			isa = PBXFrameworksBuildPhase;
			buildActionMask = 2147483647;
			files = (
			);
			runOnlyForDeploymentPostprocessing = 0;
		};
/* End PBXFrameworksBuildPhase section */

/* Begin PBXGroup section */
		BCC4778D19DBE01A002069B1 = {
			isa = PBXGroup;
			children = (
				BCC4779819DBE01A002069B1 /* Project1 */,
				BCC477AB19DBE01A002069B1 /* Project1Tests */,
				BCC4779719DBE01A002069B1 /* Products */,
			);
			sourceTree = "<group>";
		};
		BCC4779719DBE01A002069B1 /* Products */ = {
			isa = PBXGroup;
			children = (
				BCC4779619DBE01A002069B1 /* Project1.app */,
				BCC477A819DBE01A002069B1 /* Project1Tests.xctest */,
			);
			name = Products;
			sourceTree = "<group>";
		};
		BCC4779819DBE01A002069B1 /* Project1 */ = {
			isa = PBXGroup;
			children = (
				BCC4779B19DBE01A002069B1 /* AppDelegate.swift */,
				BCC4779D19DBE01A002069B1 /* ViewController.swift */,
				BCC4779F19DBE01A002069B1 /* Main.storyboard */,
				BCC477A219DBE01A002069B1 /* Images.xcassets */,
				BCC4779919DBE01A002069B1 /* Supporting Files */,
			);
			path = Project1;
			sourceTree = "<group>";
		};
		BCC4779919DBE01A002069B1 /* Supporting Files */ = {
			isa = PBXGroup;
			children = (
				BCC4779A19DBE01A002069B1 /* Info.plist */,
			);
			name = "Supporting Files";
			sourceTree = "<group>";
		};
		BCC477AB19DBE01A002069B1 /* Project1Tests */ = {
			isa = PBXGroup;
			children = (
				BCC477AE19DBE01A002069B1 /* Project1Tests.swift */,
				BCC477AC19DBE01A002069B1 /* Supporting Files */,
			);
			path = Project1Tests;
			sourceTree = "<group>";
		};
		BCC477AC19DBE01A002069B1 /* Supporting Files */ = {
			isa = PBXGroup;
			children = (
				BCC477AD19DBE01A002069B1 /* Info.plist */,
			);
			name = "Supporting Files";
			sourceTree = "<group>";
		};
/* End PBXGroup section */

/* Begin PBXNativeTarget section */
		BCC4779519DBE01A002069B1 /* Project1 */ = {
			isa = PBXNativeTarget;
			buildConfigurationList = BCC477B219DBE01A002069B1 /* Build configuration list for PBXNativeTarget "Project1" */;
			buildPhases = (
				BCC4779219DBE01A002069B1 /* Sources */,
				BCC4779319DBE01A002069B1 /* Frameworks */,
				BCC4779419DBE01A002069B1 /* Resources */,
			);
			buildRules = (
			);
			dependencies = (
			);
			name = Project1;
			productName = Project1;
			productReference = BCC4779619DBE01A002069B1 /* Project1.app */;
			productType = "com.apple.product-type.application";
		};
		BCC477A719DBE01A002069B1 /* Project1Tests */ = {
			isa = PBXNativeTarget;
			buildConfigurationList = BCC477B519DBE01A002069B1 /* Build configuration list for PBXNativeTarget "Project1Tests" */;
			buildPhases = (
				BCC477A419DBE01A002069B1 /* Sources */,
				BCC477A519DBE01A002069B1 /* Frameworks */,
				BCC477A619DBE01A002069B1 /* Resources */,
			);
			buildRules = (
			);
			dependencies = (
				BCC477AA19DBE01A002069B1 /* PBXTargetDependency */,
			);
			name = Project1Tests;
			productName = Project1Tests;
			productReference = BCC477A819DBE01A002069B1 /* Project1Tests.xctest */;
			productType = "com.apple.product-type.bundle.unit-test";
		};
/* End PBXNativeTarget section */

/* Begin PBXProject section */
		BCC4778E19DBE01A002069B1 /* Project object */ = {
			isa = PBXProject;
			attributes = {
				LastUpgradeCheck = 0600;
				ORGANIZATIONNAME = "Kelly Linehan";
				TargetAttributes = {
					BCC4779519DBE01A002069B1 = {
						CreatedOnToolsVersion = 6.0;
					};
					BCC477A719DBE01A002069B1 = {
						CreatedOnToolsVersion = 6.0;
						TestTargetID = BCC4779519DBE01A002069B1;
					};
				};
			};
			buildConfigurationList = BCC4779119DBE01A002069B1 /* Build configuration list for PBXProject "Project1" */;
			compatibilityVersion = "Xcode 3.2";
			developmentRegion = English;
			hasScannedForEncodings = 0;
			knownRegions = (
				en,
				Base,
			);
			mainGroup = BCC4778D19DBE01A002069B1;
			productRefGroup = BCC4779719DBE01A002069B1 /* Products */;
			projectDirPath = "";
			projectRoot = "";
			targets = (
				BCC4779519DBE01A002069B1 /* Project1 */,
				BCC477A719DBE01A002069B1 /* Project1Tests */,
			);
		};
/* End PBXProject section */

/* Begin PBXResourcesBuildPhase section */
		BCC4779419DBE01A002069B1 /* Resources */ = {
			isa = PBXResourcesBuildPhase;
			buildActionMask = 2147483647;
			files = (
				BCC477A119DBE01A002069B1 /* Main.storyboard in Resources */,
				BCC477A319DBE01A002069B1 /* Images.xcassets in Resources */,
			);
			runOnlyForDeploymentPostprocessing = 0;
		};
		BCC477A619DBE01A002069B1 /* Resources */ = {
			isa = PBXResourcesBuildPhase;
			buildActionMask = 2147483647;
			files = (
			);
			runOnlyForDeploymentPostprocessing = 0;
		};
/* End PBXResourcesBuildPhase section */

/* Begin PBXSourcesBuildPhase section */
		BCC4779219DBE01A002069B1 /* Sources */ = {
			isa = PBXSourcesBuildPhase;
			buildActionMask = 2147483647;
			files = (
				BCC4779E19DBE01A002069B1 /* ViewController.swift in Sources */,
				BCC4779C19DBE01A002069B1 /* AppDelegate.swift in Sources */,
			);
			runOnlyForDeploymentPostprocessing = 0;
		};
		BCC477A419DBE01A002069B1 /* Sources */ = {
			isa = PBXSourcesBuildPhase;
			buildActionMask = 2147483647;
			files = (
				BCC477AF19DBE01A002069B1 /* Project1Tests.swift in Sources */,
			);
			runOnlyForDeploymentPostprocessing = 0;
		};
/* End PBXSourcesBuildPhase section */

/* Begin PBXTargetDependency section */
		BCC477AA19DBE01A002069B1 /* PBXTargetDependency */ = {
			isa = PBXTargetDependency;
			target = BCC4779519DBE01A002069B1 /* Project1 */;
			targetProxy = BCC477A919DBE01A002069B1 /* PBXContainerItemProxy */;
		};
/* End PBXTargetDependency section */

/* Begin PBXVariantGroup section */
		BCC4779F19DBE01A002069B1 /* Main.storyboard */ = {
			isa = PBXVariantGroup;
			children = (
				BCC477A019DBE01A002069B1 /* Base */,
			);
			name = Main.storyboard;
			sourceTree = "<group>";
		};
/* End PBXVariantGroup section */

/* Begin XCBuildConfiguration section */
		BCC477B019DBE01A002069B1 /* Debug */ = {
			isa = XCBuildConfiguration;
			buildSettings = {
				ALWAYS_SEARCH_USER_PATHS = NO;
				CLANG_CXX_LANGUAGE_STANDARD = "gnu++0x";
				CLANG_CXX_LIBRARY = "libc++";
				CLANG_ENABLE_MODULES = YES;
				CLANG_ENABLE_OBJC_ARC = YES;
				CLANG_WARN_BOOL_CONVERSION = YES;
				CLANG_WARN_CONSTANT_CONVERSION = YES;
				CLANG_WARN_DIRECT_OBJC_ISA_USAGE = YES_ERROR;
				CLANG_WARN_EMPTY_BODY = YES;
				CLANG_WARN_ENUM_CONVERSION = YES;
				CLANG_WARN_INT_CONVERSION = YES;
				CLANG_WARN_OBJC_ROOT_CLASS = YES_ERROR;
				CLANG_WARN_UNREACHABLE_CODE = YES;
				CLANG_WARN__DUPLICATE_METHOD_MATCH = YES;
				"CODE_SIGN_IDENTITY[sdk=iphoneos*]" = "iPhone Developer";
				COPY_PHASE_STRIP = NO;
				ENABLE_STRICT_OBJC_MSGSEND = YES;
				GCC_C_LANGUAGE_STANDARD = gnu99;
				GCC_DYNAMIC_NO_PIC = NO;
				GCC_OPTIMIZATION_LEVEL = 0;
				GCC_PREPROCESSOR_DEFINITIONS = (
					"DEBUG=1",
					"$(inherited)",
				);
				GCC_SYMBOLS_PRIVATE_EXTERN = NO;
				GCC_WARN_64_TO_32_BIT_CONVERSION = YES;
				GCC_WARN_ABOUT_RETURN_TYPE = YES_ERROR;
				GCC_WARN_UNDECLARED_SELECTOR = YES;
				GCC_WARN_UNINITIALIZED_AUTOS = YES_AGGRESSIVE;
				GCC_WARN_UNUSED_FUNCTION = YES;
				GCC_WARN_UNUSED_VARIABLE = YES;
				IPHONEOS_DEPLOYMENT_TARGET = 8.0;
				MTL_ENABLE_DEBUG_INFO = YES;
				ONLY_ACTIVE_ARCH = YES;
				SDKROOT = iphoneos;
				SWIFT_OPTIMIZATION_LEVEL = "-Onone";
				TARGETED_DEVICE_FAMILY = 2;
			};
			name = Debug;
		};
		BCC477B119DBE01A002069B1 /* Release */ = {
			isa = XCBuildConfiguration;
			buildSettings = {
				ALWAYS_SEARCH_USER_PATHS = NO;
				CLANG_CXX_LANGUAGE_STANDARD = "gnu++0x";
				CLANG_CXX_LIBRARY = "libc++";
				CLANG_ENABLE_MODULES = YES;
				CLANG_ENABLE_OBJC_ARC = YES;
				CLANG_WARN_BOOL_CONVERSION = YES;
				CLANG_WARN_CONSTANT_CONVERSION = YES;
				CLANG_WARN_DIRECT_OBJC_ISA_USAGE = YES_ERROR;
				CLANG_WARN_EMPTY_BODY = YES;
				CLANG_WARN_ENUM_CONVERSION = YES;
				CLANG_WARN_INT_CONVERSION = YES;
				CLANG_WARN_OBJC_ROOT_CLASS = YES_ERROR;
				CLANG_WARN_UNREACHABLE_CODE = YES;
				CLANG_WARN__DUPLICATE_METHOD_MATCH = YES;
				"CODE_SIGN_IDENTITY[sdk=iphoneos*]" = "iPhone Developer";
				COPY_PHASE_STRIP = YES;
				ENABLE_NS_ASSERTIONS = NO;
				ENABLE_STRICT_OBJC_MSGSEND = YES;
				GCC_C_LANGUAGE_STANDARD = gnu99;
				GCC_WARN_64_TO_32_BIT_CONVERSION = YES;
				GCC_WARN_ABOUT_RETURN_TYPE = YES_ERROR;
				GCC_WARN_UNDECLARED_SELECTOR = YES;
				GCC_WARN_UNINITIALIZED_AUTOS = YES_AGGRESSIVE;
				GCC_WARN_UNUSED_FUNCTION = YES;
				GCC_WARN_UNUSED_VARIABLE = YES;
				IPHONEOS_DEPLOYMENT_TARGET = 8.0;
				MTL_ENABLE_DEBUG_INFO = NO;
				SDKROOT = iphoneos;
				TARGETED_DEVICE_FAMILY = 2;
				VALIDATE_PRODUCT = YES;
			};
			name = Release;
		};
		BCC477B319DBE01A002069B1 /* Debug */ = {
			isa = XCBuildConfiguration;
			buildSettings = {
				ASSETCATALOG_COMPILER_APPICON_NAME = AppIcon;
				ASSETCATALOG_COMPILER_LAUNCHIMAGE_NAME = LaunchImage;
				INFOPLIST_FILE = Project1/Info.plist;
				LD_RUNPATH_SEARCH_PATHS = "$(inherited) @executable_path/Frameworks";
				PRODUCT_NAME = "$(TARGET_NAME)";
			};
			name = Debug;
		};
		BCC477B419DBE01A002069B1 /* Release */ = {
			isa = XCBuildConfiguration;
			buildSettings = {
				ASSETCATALOG_COMPILER_APPICON_NAME = AppIcon;
				ASSETCATALOG_COMPILER_LAUNCHIMAGE_NAME = LaunchImage;
				INFOPLIST_FILE = Project1/Info.plist;
				LD_RUNPATH_SEARCH_PATHS = "$(inherited) @executable_path/Frameworks";
				PRODUCT_NAME = "$(TARGET_NAME)";
			};
			name = Release;
		};
		BCC477B619DBE01A002069B1 /* Debug */ = {
			isa = XCBuildConfiguration;
			buildSettings = {
				BUNDLE_LOADER = "$(TEST_HOST)";
				FRAMEWORK_SEARCH_PATHS = (
					"$(SDKROOT)/Developer/Library/Frameworks",
					"$(inherited)",
				);
				GCC_PREPROCESSOR_DEFINITIONS = (
					"DEBUG=1",
					"$(inherited)",
				);
				INFOPLIST_FILE = Project1Tests/Info.plist;
				LD_RUNPATH_SEARCH_PATHS = "$(inherited) @executable_path/Frameworks @loader_path/Frameworks";
				PRODUCT_NAME = "$(TARGET_NAME)";
				TEST_HOST = "$(BUILT_PRODUCTS_DIR)/Project1.app/Project1";
			};
			name = Debug;
		};
		BCC477B719DBE01A002069B1 /* Release */ = {
			isa = XCBuildConfiguration;
			buildSettings = {
				BUNDLE_LOADER = "$(TEST_HOST)";
				FRAMEWORK_SEARCH_PATHS = (
					"$(SDKROOT)/Developer/Library/Frameworks",
					"$(inherited)",
				);
				INFOPLIST_FILE = Project1Tests/Info.plist;
				LD_RUNPATH_SEARCH_PATHS = "$(inherited) @executable_path/Frameworks @loader_path/Frameworks";
				PRODUCT_NAME = "$(TARGET_NAME)";
				TEST_HOST = "$(BUILT_PRODUCTS_DIR)/Project1.app/Project1";
			};
			name = Release;
		};
/* End XCBuildConfiguration section */

/* Begin XCConfigurationList section */
		BCC4779119DBE01A002069B1 /* Build configuration list for PBXProject "Project1" */ = {
			isa = XCConfigurationList;
			buildConfigurations = (
				BCC477B019DBE01A002069B1 /* Debug */,
				BCC477B119DBE01A002069B1 /* Release */,
			);
			defaultConfigurationIsVisible = 0;
			defaultConfigurationName = Release;
		};
		BCC477B219DBE01A002069B1 /* Build configuration list for PBXNativeTarget "Project1" */ = {
			isa = XCConfigurationList;
			buildConfigurations = (
				BCC477B319DBE01A002069B1 /* Debug */,
				BCC477B419DBE01A002069B1 /* Release */,
			);
			defaultConfigurationIsVisible = 0;
		};
		BCC477B519DBE01A002069B1 /* Build configuration list for PBXNativeTarget "Project1Tests" */ = {
			isa = XCConfigurationList;
			buildConfigurations = (
				BCC477B619DBE01A002069B1 /* Debug */,
				BCC477B719DBE01A002069B1 /* Release */,
			);
			defaultConfigurationIsVisible = 0;
		};
/* End XCConfigurationList section */
	};
	rootObject = BCC4778E19DBE01A002069B1 /* Project object */;
}
