// !$*UTF8*$!
{
	archiveVersion = 1;
	classes = {
	};
	objectVersion = 46;
	objects = {

/* Begin PBXBuildFile section */
		BCC090C519E3BFAF00989E6D /* AppDelegate.swift in Sources */ = {isa = PBXBuildFile; fileRef = BCC090C419E3BFAF00989E6D /* AppDelegate.swift */; };
		BCC090C719E3BFAF00989E6D /* ViewController.swift in Sources */ = {isa = PBXBuildFile; fileRef = BCC090C619E3BFAF00989E6D /* ViewController.swift */; };
		BCC090CA19E3BFAF00989E6D /* Main.storyboard in Resources */ = {isa = PBXBuildFile; fileRef = BCC090C819E3BFAF00989E6D /* Main.storyboard */; };
		BCC090CC19E3BFAF00989E6D /* Images.xcassets in Resources */ = {isa = PBXBuildFile; fileRef = BCC090CB19E3BFAF00989E6D /* Images.xcassets */; };
		BCC090D819E3BFAF00989E6D /* FinalProjectTests.swift in Sources */ = {isa = PBXBuildFile; fileRef = BCC090D719E3BFAF00989E6D /* FinalProjectTests.swift */; };
/* End PBXBuildFile section */

/* Begin PBXContainerItemProxy section */
		BCC090D219E3BFAF00989E6D /* PBXContainerItemProxy */ = {
			isa = PBXContainerItemProxy;
			containerPortal = BCC090B719E3BFAE00989E6D /* Project object */;
			proxyType = 1;
			remoteGlobalIDString = BCC090BE19E3BFAE00989E6D;
			remoteInfo = FinalProject;
		};
/* End PBXContainerItemProxy section */

/* Begin PBXFileReference section */
		BCC090BF19E3BFAF00989E6D /* FinalProject.app */ = {isa = PBXFileReference; explicitFileType = wrapper.application; includeInIndex = 0; path = FinalProject.app; sourceTree = BUILT_PRODUCTS_DIR; };
		BCC090C319E3BFAF00989E6D /* Info.plist */ = {isa = PBXFileReference; lastKnownFileType = text.plist.xml; path = Info.plist; sourceTree = "<group>"; };
		BCC090C419E3BFAF00989E6D /* AppDelegate.swift */ = {isa = PBXFileReference; lastKnownFileType = sourcecode.swift; path = AppDelegate.swift; sourceTree = "<group>"; };
		BCC090C619E3BFAF00989E6D /* ViewController.swift */ = {isa = PBXFileReference; lastKnownFileType = sourcecode.swift; path = ViewController.swift; sourceTree = "<group>"; };
		BCC090C919E3BFAF00989E6D /* Base */ = {isa = PBXFileReference; lastKnownFileType = file.storyboard; name = Base; path = Base.lproj/Main.storyboard; sourceTree = "<group>"; };
		BCC090CB19E3BFAF00989E6D /* Images.xcassets */ = {isa = PBXFileReference; lastKnownFileType = folder.assetcatalog; path = Images.xcassets; sourceTree = "<group>"; };
		BCC090D119E3BFAF00989E6D /* FinalProjectTests.xctest */ = {isa = PBXFileReference; explicitFileType = wrapper.cfbundle; includeInIndex = 0; path = FinalProjectTests.xctest; sourceTree = BUILT_PRODUCTS_DIR; };
		BCC090D619E3BFAF00989E6D /* Info.plist */ = {isa = PBXFileReference; lastKnownFileType = text.plist.xml; path = Info.plist; sourceTree = "<group>"; };
		BCC090D719E3BFAF00989E6D /* FinalProjectTests.swift */ = {isa = PBXFileReference; lastKnownFileType = sourcecode.swift; path = FinalProjectTests.swift; sourceTree = "<group>"; };
/* End PBXFileReference section */

/* Begin PBXFrameworksBuildPhase section */
		BCC090BC19E3BFAE00989E6D /* Frameworks */ = {
			isa = PBXFrameworksBuildPhase;
			buildActionMask = 2147483647;
			files = (
			);
			runOnlyForDeploymentPostprocessing = 0;
		};
		BCC090CE19E3BFAF00989E6D /* Frameworks */ = {
			isa = PBXFrameworksBuildPhase;
			buildActionMask = 2147483647;
			files = (
			);
			runOnlyForDeploymentPostprocessing = 0;
		};
/* End PBXFrameworksBuildPhase section */

/* Begin PBXGroup section */
		BCC090B619E3BFAE00989E6D = {
			isa = PBXGroup;
			children = (
				BCC090C119E3BFAF00989E6D /* FinalProject */,
				BCC090D419E3BFAF00989E6D /* FinalProjectTests */,
				BCC090C019E3BFAF00989E6D /* Products */,
			);
			sourceTree = "<group>";
		};
		BCC090C019E3BFAF00989E6D /* Products */ = {
			isa = PBXGroup;
			children = (
				BCC090BF19E3BFAF00989E6D /* FinalProject.app */,
				BCC090D119E3BFAF00989E6D /* FinalProjectTests.xctest */,
			);
			name = Products;
			sourceTree = "<group>";
		};
		BCC090C119E3BFAF00989E6D /* FinalProject */ = {
			isa = PBXGroup;
			children = (
				BCC090C419E3BFAF00989E6D /* AppDelegate.swift */,
				BCC090C619E3BFAF00989E6D /* ViewController.swift */,
				BCC090C819E3BFAF00989E6D /* Main.storyboard */,
				BCC090CB19E3BFAF00989E6D /* Images.xcassets */,
				BCC090C219E3BFAF00989E6D /* Supporting Files */,
			);
			path = FinalProject;
			sourceTree = "<group>";
		};
		BCC090C219E3BFAF00989E6D /* Supporting Files */ = {
			isa = PBXGroup;
			children = (
				BCC090C319E3BFAF00989E6D /* Info.plist */,
			);
			name = "Supporting Files";
			sourceTree = "<group>";
		};
		BCC090D419E3BFAF00989E6D /* FinalProjectTests */ = {
			isa = PBXGroup;
			children = (
				BCC090D719E3BFAF00989E6D /* FinalProjectTests.swift */,
				BCC090D519E3BFAF00989E6D /* Supporting Files */,
			);
			path = FinalProjectTests;
			sourceTree = "<group>";
		};
		BCC090D519E3BFAF00989E6D /* Supporting Files */ = {
			isa = PBXGroup;
			children = (
				BCC090D619E3BFAF00989E6D /* Info.plist */,
			);
			name = "Supporting Files";
			sourceTree = "<group>";
		};
/* End PBXGroup section */

/* Begin PBXNativeTarget section */
		BCC090BE19E3BFAE00989E6D /* FinalProject */ = {
			isa = PBXNativeTarget;
			buildConfigurationList = BCC090DB19E3BFAF00989E6D /* Build configuration list for PBXNativeTarget "FinalProject" */;
			buildPhases = (
				BCC090BB19E3BFAE00989E6D /* Sources */,
				BCC090BC19E3BFAE00989E6D /* Frameworks */,
				BCC090BD19E3BFAE00989E6D /* Resources */,
			);
			buildRules = (
			);
			dependencies = (
			);
			name = FinalProject;
			productName = FinalProject;
			productReference = BCC090BF19E3BFAF00989E6D /* FinalProject.app */;
			productType = "com.apple.product-type.application";
		};
		BCC090D019E3BFAF00989E6D /* FinalProjectTests */ = {
			isa = PBXNativeTarget;
			buildConfigurationList = BCC090DE19E3BFAF00989E6D /* Build configuration list for PBXNativeTarget "FinalProjectTests" */;
			buildPhases = (
				BCC090CD19E3BFAF00989E6D /* Sources */,
				BCC090CE19E3BFAF00989E6D /* Frameworks */,
				BCC090CF19E3BFAF00989E6D /* Resources */,
			);
			buildRules = (
			);
			dependencies = (
				BCC090D319E3BFAF00989E6D /* PBXTargetDependency */,
			);
			name = FinalProjectTests;
			productName = FinalProjectTests;
			productReference = BCC090D119E3BFAF00989E6D /* FinalProjectTests.xctest */;
			productType = "com.apple.product-type.bundle.unit-test";
		};
/* End PBXNativeTarget section */

/* Begin PBXProject section */
		BCC090B719E3BFAE00989E6D /* Project object */ = {
			isa = PBXProject;
			attributes = {
				LastUpgradeCheck = 0600;
				ORGANIZATIONNAME = "Kelly Linehan";
				TargetAttributes = {
					BCC090BE19E3BFAE00989E6D = {
						CreatedOnToolsVersion = 6.0;
					};
					BCC090D019E3BFAF00989E6D = {
						CreatedOnToolsVersion = 6.0;
						TestTargetID = BCC090BE19E3BFAE00989E6D;
					};
				};
			};
			buildConfigurationList = BCC090BA19E3BFAE00989E6D /* Build configuration list for PBXProject "FinalProject" */;
			compatibilityVersion = "Xcode 3.2";
			developmentRegion = English;
			hasScannedForEncodings = 0;
			knownRegions = (
				en,
				Base,
			);
			mainGroup = BCC090B619E3BFAE00989E6D;
			productRefGroup = BCC090C019E3BFAF00989E6D /* Products */;
			projectDirPath = "";
			projectRoot = "";
			targets = (
				BCC090BE19E3BFAE00989E6D /* FinalProject */,
				BCC090D019E3BFAF00989E6D /* FinalProjectTests */,
			);
		};
/* End PBXProject section */

/* Begin PBXResourcesBuildPhase section */
		BCC090BD19E3BFAE00989E6D /* Resources */ = {
			isa = PBXResourcesBuildPhase;
			buildActionMask = 2147483647;
			files = (
				BCC090CA19E3BFAF00989E6D /* Main.storyboard in Resources */,
				BCC090CC19E3BFAF00989E6D /* Images.xcassets in Resources */,
			);
			runOnlyForDeploymentPostprocessing = 0;
		};
		BCC090CF19E3BFAF00989E6D /* Resources */ = {
			isa = PBXResourcesBuildPhase;
			buildActionMask = 2147483647;
			files = (
			);
			runOnlyForDeploymentPostprocessing = 0;
		};
/* End PBXResourcesBuildPhase section */

/* Begin PBXSourcesBuildPhase section */
		BCC090BB19E3BFAE00989E6D /* Sources */ = {
			isa = PBXSourcesBuildPhase;
			buildActionMask = 2147483647;
			files = (
				BCC090C719E3BFAF00989E6D /* ViewController.swift in Sources */,
				BCC090C519E3BFAF00989E6D /* AppDelegate.swift in Sources */,
			);
			runOnlyForDeploymentPostprocessing = 0;
		};
		BCC090CD19E3BFAF00989E6D /* Sources */ = {
			isa = PBXSourcesBuildPhase;
			buildActionMask = 2147483647;
			files = (
				BCC090D819E3BFAF00989E6D /* FinalProjectTests.swift in Sources */,
			);
			runOnlyForDeploymentPostprocessing = 0;
		};
/* End PBXSourcesBuildPhase section */

/* Begin PBXTargetDependency section */
		BCC090D319E3BFAF00989E6D /* PBXTargetDependency */ = {
			isa = PBXTargetDependency;
			target = BCC090BE19E3BFAE00989E6D /* FinalProject */;
			targetProxy = BCC090D219E3BFAF00989E6D /* PBXContainerItemProxy */;
		};
/* End PBXTargetDependency section */

/* Begin PBXVariantGroup section */
		BCC090C819E3BFAF00989E6D /* Main.storyboard */ = {
			isa = PBXVariantGroup;
			children = (
				BCC090C919E3BFAF00989E6D /* Base */,
			);
			name = Main.storyboard;
			sourceTree = "<group>";
		};
/* End PBXVariantGroup section */

/* Begin XCBuildConfiguration section */
		BCC090D919E3BFAF00989E6D /* Debug */ = {
			isa = XCBuildConfiguration;
			buildSettings = {
				ALWAYS_SEARCH_USER_PATHS = NO;
				CLANG_CXX_LANGUAGE_STANDARD = "gnu++0x";
				CLANG_CXX_LIBRARY = "libc++";
				CLANG_ENABLE_MODULES = YES;
				CLANG_ENABLE_OBJC_ARC = YES;
				CLANG_WARN_BOOL_CONVERSION = YES;
				CLANG_WARN_CONSTANT_CONVERSION = YES;
				CLANG_WARN_DIRECT_OBJC_ISA_USAGE = YES_ERROR;
				CLANG_WARN_EMPTY_BODY = YES;
				CLANG_WARN_ENUM_CONVERSION = YES;
				CLANG_WARN_INT_CONVERSION = YES;
				CLANG_WARN_OBJC_ROOT_CLASS = YES_ERROR;
				CLANG_WARN_UNREACHABLE_CODE = YES;
				CLANG_WARN__DUPLICATE_METHOD_MATCH = YES;
				"CODE_SIGN_IDENTITY[sdk=iphoneos*]" = "iPhone Developer";
				COPY_PHASE_STRIP = NO;
				ENABLE_STRICT_OBJC_MSGSEND = YES;
				GCC_C_LANGUAGE_STANDARD = gnu99;
				GCC_DYNAMIC_NO_PIC = NO;
				GCC_OPTIMIZATION_LEVEL = 0;
				GCC_PREPROCESSOR_DEFINITIONS = (
					"DEBUG=1",
					"$(inherited)",
				);
				GCC_SYMBOLS_PRIVATE_EXTERN = NO;
				GCC_WARN_64_TO_32_BIT_CONVERSION = YES;
				GCC_WARN_ABOUT_RETURN_TYPE = YES_ERROR;
				GCC_WARN_UNDECLARED_SELECTOR = YES;
				GCC_WARN_UNINITIALIZED_AUTOS = YES_AGGRESSIVE;
				GCC_WARN_UNUSED_FUNCTION = YES;
				GCC_WARN_UNUSED_VARIABLE = YES;
				IPHONEOS_DEPLOYMENT_TARGET = 8.0;
				MTL_ENABLE_DEBUG_INFO = YES;
				ONLY_ACTIVE_ARCH = YES;
				SDKROOT = iphoneos;
				SWIFT_OPTIMIZATION_LEVEL = "-Onone";
				TARGETED_DEVICE_FAMILY = 2;
			};
			name = Debug;
		};
		BCC090DA19E3BFAF00989E6D /* Release */ = {
			isa = XCBuildConfiguration;
			buildSettings = {
				ALWAYS_SEARCH_USER_PATHS = NO;
				CLANG_CXX_LANGUAGE_STANDARD = "gnu++0x";
				CLANG_CXX_LIBRARY = "libc++";
				CLANG_ENABLE_MODULES = YES;
				CLANG_ENABLE_OBJC_ARC = YES;
				CLANG_WARN_BOOL_CONVERSION = YES;
				CLANG_WARN_CONSTANT_CONVERSION = YES;
				CLANG_WARN_DIRECT_OBJC_ISA_USAGE = YES_ERROR;
				CLANG_WARN_EMPTY_BODY = YES;
				CLANG_WARN_ENUM_CONVERSION = YES;
				CLANG_WARN_INT_CONVERSION = YES;
				CLANG_WARN_OBJC_ROOT_CLASS = YES_ERROR;
				CLANG_WARN_UNREACHABLE_CODE = YES;
				CLANG_WARN__DUPLICATE_METHOD_MATCH = YES;
				"CODE_SIGN_IDENTITY[sdk=iphoneos*]" = "iPhone Developer";
				COPY_PHASE_STRIP = YES;
				ENABLE_NS_ASSERTIONS = NO;
				ENABLE_STRICT_OBJC_MSGSEND = YES;
				GCC_C_LANGUAGE_STANDARD = gnu99;
				GCC_WARN_64_TO_32_BIT_CONVERSION = YES;
				GCC_WARN_ABOUT_RETURN_TYPE = YES_ERROR;
				GCC_WARN_UNDECLARED_SELECTOR = YES;
				GCC_WARN_UNINITIALIZED_AUTOS = YES_AGGRESSIVE;
				GCC_WARN_UNUSED_FUNCTION = YES;
				GCC_WARN_UNUSED_VARIABLE = YES;
				IPHONEOS_DEPLOYMENT_TARGET = 8.0;
				MTL_ENABLE_DEBUG_INFO = NO;
				SDKROOT = iphoneos;
				TARGETED_DEVICE_FAMILY = 2;
				VALIDATE_PRODUCT = YES;
			};
			name = Release;
		};
		BCC090DC19E3BFAF00989E6D /* Debug */ = {
			isa = XCBuildConfiguration;
			buildSettings = {
				ASSETCATALOG_COMPILER_APPICON_NAME = AppIcon;
				ASSETCATALOG_COMPILER_LAUNCHIMAGE_NAME = LaunchImage;
				INFOPLIST_FILE = FinalProject/Info.plist;
				LD_RUNPATH_SEARCH_PATHS = "$(inherited) @executable_path/Frameworks";
				PRODUCT_NAME = "$(TARGET_NAME)";
			};
			name = Debug;
		};
		BCC090DD19E3BFAF00989E6D /* Release */ = {
			isa = XCBuildConfiguration;
			buildSettings = {
				ASSETCATALOG_COMPILER_APPICON_NAME = AppIcon;
				ASSETCATALOG_COMPILER_LAUNCHIMAGE_NAME = LaunchImage;
				INFOPLIST_FILE = FinalProject/Info.plist;
				LD_RUNPATH_SEARCH_PATHS = "$(inherited) @executable_path/Frameworks";
				PRODUCT_NAME = "$(TARGET_NAME)";
			};
			name = Release;
		};
		BCC090DF19E3BFAF00989E6D /* Debug */ = {
			isa = XCBuildConfiguration;
			buildSettings = {
				BUNDLE_LOADER = "$(TEST_HOST)";
				FRAMEWORK_SEARCH_PATHS = (
					"$(SDKROOT)/Developer/Library/Frameworks",
					"$(inherited)",
				);
				GCC_PREPROCESSOR_DEFINITIONS = (
					"DEBUG=1",
					"$(inherited)",
				);
				INFOPLIST_FILE = FinalProjectTests/Info.plist;
				LD_RUNPATH_SEARCH_PATHS = "$(inherited) @executable_path/Frameworks @loader_path/Frameworks";
				PRODUCT_NAME = "$(TARGET_NAME)";
				TEST_HOST = "$(BUILT_PRODUCTS_DIR)/FinalProject.app/FinalProject";
			};
			name = Debug;
		};
		BCC090E019E3BFAF00989E6D /* Release */ = {
			isa = XCBuildConfiguration;
			buildSettings = {
				BUNDLE_LOADER = "$(TEST_HOST)";
				FRAMEWORK_SEARCH_PATHS = (
					"$(SDKROOT)/Developer/Library/Frameworks",
					"$(inherited)",
				);
				INFOPLIST_FILE = FinalProjectTests/Info.plist;
				LD_RUNPATH_SEARCH_PATHS = "$(inherited) @executable_path/Frameworks @loader_path/Frameworks";
				PRODUCT_NAME = "$(TARGET_NAME)";
				TEST_HOST = "$(BUILT_PRODUCTS_DIR)/FinalProject.app/FinalProject";
			};
			name = Release;
		};
/* End XCBuildConfiguration section */

/* Begin XCConfigurationList section */
		BCC090BA19E3BFAE00989E6D /* Build configuration list for PBXProject "FinalProject" */ = {
			isa = XCConfigurationList;
			buildConfigurations = (
				BCC090D919E3BFAF00989E6D /* Debug */,
				BCC090DA19E3BFAF00989E6D /* Release */,
			);
			defaultConfigurationIsVisible = 0;
			defaultConfigurationName = Release;
		};
		BCC090DB19E3BFAF00989E6D /* Build configuration list for PBXNativeTarget "FinalProject" */ = {
			isa = XCConfigurationList;
			buildConfigurations = (
				BCC090DC19E3BFAF00989E6D /* Debug */,
				BCC090DD19E3BFAF00989E6D /* Release */,
			);
			defaultConfigurationIsVisible = 0;
		};
		BCC090DE19E3BFAF00989E6D /* Build configuration list for PBXNativeTarget "FinalProjectTests" */ = {
			isa = XCConfigurationList;
			buildConfigurations = (
				BCC090DF19E3BFAF00989E6D /* Debug */,
				BCC090E019E3BFAF00989E6D /* Release */,
			);
			defaultConfigurationIsVisible = 0;
		};
/* End XCConfigurationList section */
	};
	rootObject = BCC090B719E3BFAE00989E6D /* Project object */;
}
