// !$*UTF8*$!
{
	archiveVersion = 1;
	classes = {
	};
	objectVersion = 46;
	objects = {

/* Begin PBXBuildFile section */
		BC55C2411A2FEA0400534B63 /* AVFoundation.framework in Frameworks */ = {isa = PBXBuildFile; fileRef = BC55C2401A2FEA0400534B63 /* AVFoundation.framework */; };
		BC55C2461A2FEDEE00534B63 /* Hall of Fame ring tone.m4r in Resources */ = {isa = PBXBuildFile; fileRef = BC55C2451A2FEDEE00534B63 /* Hall of Fame ring tone.m4r */; };
		BCF079FB1A1BAB2300833829 /* AppDelegate.swift in Sources */ = {isa = PBXBuildFile; fileRef = BCF079FA1A1BAB2300833829 /* AppDelegate.swift */; };
		BCF079FD1A1BAB2300833829 /* ViewController.swift in Sources */ = {isa = PBXBuildFile; fileRef = BCF079FC1A1BAB2300833829 /* ViewController.swift */; };
		BCF07A001A1BAB2300833829 /* Main.storyboard in Resources */ = {isa = PBXBuildFile; fileRef = BCF079FE1A1BAB2300833829 /* Main.storyboard */; };
		BCF07A021A1BAB2300833829 /* Images.xcassets in Resources */ = {isa = PBXBuildFile; fileRef = BCF07A011A1BAB2300833829 /* Images.xcassets */; };
		BCF07A051A1BAB2300833829 /* LaunchScreen.xib in Resources */ = {isa = PBXBuildFile; fileRef = BCF07A031A1BAB2300833829 /* LaunchScreen.xib */; };
		BCF07A111A1BAB2300833829 /* MediaTests.swift in Sources */ = {isa = PBXBuildFile; fileRef = BCF07A101A1BAB2300833829 /* MediaTests.swift */; };
		BCF07A1B1A1BAB7400833829 /* MobileCoreServices.framework in Frameworks */ = {isa = PBXBuildFile; fileRef = BCF07A1A1A1BAB7400833829 /* MobileCoreServices.framework */; };
		BCF07A1D1A1BBB0900833829 /* MediaPlayer.framework in Frameworks */ = {isa = PBXBuildFile; fileRef = BCF07A1C1A1BBB0900833829 /* MediaPlayer.framework */; };
/* End PBXBuildFile section */

/* Begin PBXContainerItemProxy section */
		BCF07A0B1A1BAB2300833829 /* PBXContainerItemProxy */ = {
			isa = PBXContainerItemProxy;
			containerPortal = BCF079ED1A1BAB2200833829 /* Project object */;
			proxyType = 1;
			remoteGlobalIDString = BCF079F41A1BAB2200833829;
			remoteInfo = Media;
		};
/* End PBXContainerItemProxy section */

/* Begin PBXFileReference section */
		BC55C2401A2FEA0400534B63 /* AVFoundation.framework */ = {isa = PBXFileReference; lastKnownFileType = wrapper.framework; name = AVFoundation.framework; path = System/Library/Frameworks/AVFoundation.framework; sourceTree = SDKROOT; };
		BC55C2451A2FEDEE00534B63 /* Hall of Fame ring tone.m4r */ = {isa = PBXFileReference; lastKnownFileType = file; path = "Hall of Fame ring tone.m4r"; sourceTree = "<group>"; };
		BCF079F51A1BAB2300833829 /* Media.app */ = {isa = PBXFileReference; explicitFileType = wrapper.application; includeInIndex = 0; path = Media.app; sourceTree = BUILT_PRODUCTS_DIR; };
		BCF079F91A1BAB2300833829 /* Info.plist */ = {isa = PBXFileReference; lastKnownFileType = text.plist.xml; path = Info.plist; sourceTree = "<group>"; };
		BCF079FA1A1BAB2300833829 /* AppDelegate.swift */ = {isa = PBXFileReference; lastKnownFileType = sourcecode.swift; path = AppDelegate.swift; sourceTree = "<group>"; };
		BCF079FC1A1BAB2300833829 /* ViewController.swift */ = {isa = PBXFileReference; lastKnownFileType = sourcecode.swift; path = ViewController.swift; sourceTree = "<group>"; };
		BCF079FF1A1BAB2300833829 /* Base */ = {isa = PBXFileReference; lastKnownFileType = file.storyboard; name = Base; path = Base.lproj/Main.storyboard; sourceTree = "<group>"; };
		BCF07A011A1BAB2300833829 /* Images.xcassets */ = {isa = PBXFileReference; lastKnownFileType = folder.assetcatalog; path = Images.xcassets; sourceTree = "<group>"; };
		BCF07A041A1BAB2300833829 /* Base */ = {isa = PBXFileReference; lastKnownFileType = file.xib; name = Base; path = Base.lproj/LaunchScreen.xib; sourceTree = "<group>"; };
		BCF07A0A1A1BAB2300833829 /* MediaTests.xctest */ = {isa = PBXFileReference; explicitFileType = wrapper.cfbundle; includeInIndex = 0; path = MediaTests.xctest; sourceTree = BUILT_PRODUCTS_DIR; };
		BCF07A0F1A1BAB2300833829 /* Info.plist */ = {isa = PBXFileReference; lastKnownFileType = text.plist.xml; path = Info.plist; sourceTree = "<group>"; };
		BCF07A101A1BAB2300833829 /* MediaTests.swift */ = {isa = PBXFileReference; lastKnownFileType = sourcecode.swift; path = MediaTests.swift; sourceTree = "<group>"; };
		BCF07A1A1A1BAB7400833829 /* MobileCoreServices.framework */ = {isa = PBXFileReference; lastKnownFileType = wrapper.framework; name = MobileCoreServices.framework; path = System/Library/Frameworks/MobileCoreServices.framework; sourceTree = SDKROOT; };
		BCF07A1C1A1BBB0900833829 /* MediaPlayer.framework */ = {isa = PBXFileReference; lastKnownFileType = wrapper.framework; name = MediaPlayer.framework; path = System/Library/Frameworks/MediaPlayer.framework; sourceTree = SDKROOT; };
/* End PBXFileReference section */

/* Begin PBXFrameworksBuildPhase section */
		BCF079F21A1BAB2200833829 /* Frameworks */ = {
			isa = PBXFrameworksBuildPhase;
			buildActionMask = 2147483647;
			files = (
				BC55C2411A2FEA0400534B63 /* AVFoundation.framework in Frameworks */,
				BCF07A1D1A1BBB0900833829 /* MediaPlayer.framework in Frameworks */,
				BCF07A1B1A1BAB7400833829 /* MobileCoreServices.framework in Frameworks */,
			);
			runOnlyForDeploymentPostprocessing = 0;
		};
		BCF07A071A1BAB2300833829 /* Frameworks */ = {
			isa = PBXFrameworksBuildPhase;
			buildActionMask = 2147483647;
			files = (
			);
			runOnlyForDeploymentPostprocessing = 0;
		};
/* End PBXFrameworksBuildPhase section */

/* Begin PBXGroup section */
		BCF079EC1A1BAB2200833829 = {
			isa = PBXGroup;
			children = (
				BC55C2401A2FEA0400534B63 /* AVFoundation.framework */,
				BCF07A1C1A1BBB0900833829 /* MediaPlayer.framework */,
				BCF07A1A1A1BAB7400833829 /* MobileCoreServices.framework */,
				BCF079F71A1BAB2300833829 /* Media */,
				BCF07A0D1A1BAB2300833829 /* MediaTests */,
				BCF079F61A1BAB2300833829 /* Products */,
			);
			sourceTree = "<group>";
		};
		BCF079F61A1BAB2300833829 /* Products */ = {
			isa = PBXGroup;
			children = (
				BCF079F51A1BAB2300833829 /* Media.app */,
				BCF07A0A1A1BAB2300833829 /* MediaTests.xctest */,
			);
			name = Products;
			sourceTree = "<group>";
		};
		BCF079F71A1BAB2300833829 /* Media */ = {
			isa = PBXGroup;
			children = (
				BCF079FA1A1BAB2300833829 /* AppDelegate.swift */,
				BCF079FC1A1BAB2300833829 /* ViewController.swift */,
				BCF079FE1A1BAB2300833829 /* Main.storyboard */,
				BCF07A011A1BAB2300833829 /* Images.xcassets */,
				BCF07A031A1BAB2300833829 /* LaunchScreen.xib */,
				BCF079F81A1BAB2300833829 /* Supporting Files */,
			);
			path = Media;
			sourceTree = "<group>";
		};
		BCF079F81A1BAB2300833829 /* Supporting Files */ = {
			isa = PBXGroup;
			children = (
				BC55C2451A2FEDEE00534B63 /* Hall of Fame ring tone.m4r */,
				BCF079F91A1BAB2300833829 /* Info.plist */,
			);
			name = "Supporting Files";
			sourceTree = "<group>";
		};
		BCF07A0D1A1BAB2300833829 /* MediaTests */ = {
			isa = PBXGroup;
			children = (
				BCF07A101A1BAB2300833829 /* MediaTests.swift */,
				BCF07A0E1A1BAB2300833829 /* Supporting Files */,
			);
			path = MediaTests;
			sourceTree = "<group>";
		};
		BCF07A0E1A1BAB2300833829 /* Supporting Files */ = {
			isa = PBXGroup;
			children = (
				BCF07A0F1A1BAB2300833829 /* Info.plist */,
			);
			name = "Supporting Files";
			sourceTree = "<group>";
		};
/* End PBXGroup section */

/* Begin PBXNativeTarget section */
		BCF079F41A1BAB2200833829 /* Media */ = {
			isa = PBXNativeTarget;
			buildConfigurationList = BCF07A141A1BAB2300833829 /* Build configuration list for PBXNativeTarget "Media" */;
			buildPhases = (
				BCF079F11A1BAB2200833829 /* Sources */,
				BCF079F21A1BAB2200833829 /* Frameworks */,
				BCF079F31A1BAB2200833829 /* Resources */,
			);
			buildRules = (
			);
			dependencies = (
			);
			name = Media;
			productName = Media;
			productReference = BCF079F51A1BAB2300833829 /* Media.app */;
			productType = "com.apple.product-type.application";
		};
		BCF07A091A1BAB2300833829 /* MediaTests */ = {
			isa = PBXNativeTarget;
			buildConfigurationList = BCF07A171A1BAB2300833829 /* Build configuration list for PBXNativeTarget "MediaTests" */;
			buildPhases = (
				BCF07A061A1BAB2300833829 /* Sources */,
				BCF07A071A1BAB2300833829 /* Frameworks */,
				BCF07A081A1BAB2300833829 /* Resources */,
			);
			buildRules = (
			);
			dependencies = (
				BCF07A0C1A1BAB2300833829 /* PBXTargetDependency */,
			);
			name = MediaTests;
			productName = MediaTests;
			productReference = BCF07A0A1A1BAB2300833829 /* MediaTests.xctest */;
			productType = "com.apple.product-type.bundle.unit-test";
		};
/* End PBXNativeTarget section */

/* Begin PBXProject section */
		BCF079ED1A1BAB2200833829 /* Project object */ = {
			isa = PBXProject;
			attributes = {
				LastUpgradeCheck = 0610;
				ORGANIZATIONNAME = "Kelly Linehan";
				TargetAttributes = {
					BCF079F41A1BAB2200833829 = {
						CreatedOnToolsVersion = 6.1;
					};
					BCF07A091A1BAB2300833829 = {
						CreatedOnToolsVersion = 6.1;
						TestTargetID = BCF079F41A1BAB2200833829;
					};
				};
			};
			buildConfigurationList = BCF079F01A1BAB2200833829 /* Build configuration list for PBXProject "Media" */;
			compatibilityVersion = "Xcode 3.2";
			developmentRegion = English;
			hasScannedForEncodings = 0;
			knownRegions = (
				en,
				Base,
			);
			mainGroup = BCF079EC1A1BAB2200833829;
			productRefGroup = BCF079F61A1BAB2300833829 /* Products */;
			projectDirPath = "";
			projectRoot = "";
			targets = (
				BCF079F41A1BAB2200833829 /* Media */,
				BCF07A091A1BAB2300833829 /* MediaTests */,
			);
		};
/* End PBXProject section */

/* Begin PBXResourcesBuildPhase section */
		BCF079F31A1BAB2200833829 /* Resources */ = {
			isa = PBXResourcesBuildPhase;
			buildActionMask = 2147483647;
			files = (
				BC55C2461A2FEDEE00534B63 /* Hall of Fame ring tone.m4r in Resources */,
				BCF07A001A1BAB2300833829 /* Main.storyboard in Resources */,
				BCF07A051A1BAB2300833829 /* LaunchScreen.xib in Resources */,
				BCF07A021A1BAB2300833829 /* Images.xcassets in Resources */,
			);
			runOnlyForDeploymentPostprocessing = 0;
		};
		BCF07A081A1BAB2300833829 /* Resources */ = {
			isa = PBXResourcesBuildPhase;
			buildActionMask = 2147483647;
			files = (
			);
			runOnlyForDeploymentPostprocessing = 0;
		};
/* End PBXResourcesBuildPhase section */

/* Begin PBXSourcesBuildPhase section */
		BCF079F11A1BAB2200833829 /* Sources */ = {
			isa = PBXSourcesBuildPhase;
			buildActionMask = 2147483647;
			files = (
				BCF079FD1A1BAB2300833829 /* ViewController.swift in Sources */,
				BCF079FB1A1BAB2300833829 /* AppDelegate.swift in Sources */,
			);
			runOnlyForDeploymentPostprocessing = 0;
		};
		BCF07A061A1BAB2300833829 /* Sources */ = {
			isa = PBXSourcesBuildPhase;
			buildActionMask = 2147483647;
			files = (
				BCF07A111A1BAB2300833829 /* MediaTests.swift in Sources */,
			);
			runOnlyForDeploymentPostprocessing = 0;
		};
/* End PBXSourcesBuildPhase section */

/* Begin PBXTargetDependency section */
		BCF07A0C1A1BAB2300833829 /* PBXTargetDependency */ = {
			isa = PBXTargetDependency;
			target = BCF079F41A1BAB2200833829 /* Media */;
			targetProxy = BCF07A0B1A1BAB2300833829 /* PBXContainerItemProxy */;
		};
/* End PBXTargetDependency section */

/* Begin PBXVariantGroup section */
		BCF079FE1A1BAB2300833829 /* Main.storyboard */ = {
			isa = PBXVariantGroup;
			children = (
				BCF079FF1A1BAB2300833829 /* Base */,
			);
			name = Main.storyboard;
			sourceTree = "<group>";
		};
		BCF07A031A1BAB2300833829 /* LaunchScreen.xib */ = {
			isa = PBXVariantGroup;
			children = (
				BCF07A041A1BAB2300833829 /* Base */,
			);
			name = LaunchScreen.xib;
			sourceTree = "<group>";
		};
/* End PBXVariantGroup section */

/* Begin XCBuildConfiguration section */
		BCF07A121A1BAB2300833829 /* Debug */ = {
			isa = XCBuildConfiguration;
			buildSettings = {
				ALWAYS_SEARCH_USER_PATHS = NO;
				CLANG_CXX_LANGUAGE_STANDARD = "gnu++0x";
				CLANG_CXX_LIBRARY = "libc++";
				CLANG_ENABLE_MODULES = YES;
				CLANG_ENABLE_OBJC_ARC = YES;
				CLANG_WARN_BOOL_CONVERSION = YES;
				CLANG_WARN_CONSTANT_CONVERSION = YES;
				CLANG_WARN_DIRECT_OBJC_ISA_USAGE = YES_ERROR;
				CLANG_WARN_EMPTY_BODY = YES;
				CLANG_WARN_ENUM_CONVERSION = YES;
				CLANG_WARN_INT_CONVERSION = YES;
				CLANG_WARN_OBJC_ROOT_CLASS = YES_ERROR;
				CLANG_WARN_UNREACHABLE_CODE = YES;
				CLANG_WARN__DUPLICATE_METHOD_MATCH = YES;
				"CODE_SIGN_IDENTITY[sdk=iphoneos*]" = "iPhone Developer";
				COPY_PHASE_STRIP = NO;
				ENABLE_STRICT_OBJC_MSGSEND = YES;
				GCC_C_LANGUAGE_STANDARD = gnu99;
				GCC_DYNAMIC_NO_PIC = NO;
				GCC_OPTIMIZATION_LEVEL = 0;
				GCC_PREPROCESSOR_DEFINITIONS = (
					"DEBUG=1",
					"$(inherited)",
				);
				GCC_SYMBOLS_PRIVATE_EXTERN = NO;
				GCC_WARN_64_TO_32_BIT_CONVERSION = YES;
				GCC_WARN_ABOUT_RETURN_TYPE = YES_ERROR;
				GCC_WARN_UNDECLARED_SELECTOR = YES;
				GCC_WARN_UNINITIALIZED_AUTOS = YES_AGGRESSIVE;
				GCC_WARN_UNUSED_FUNCTION = YES;
				GCC_WARN_UNUSED_VARIABLE = YES;
				IPHONEOS_DEPLOYMENT_TARGET = 8.1;
				MTL_ENABLE_DEBUG_INFO = YES;
				ONLY_ACTIVE_ARCH = YES;
				SDKROOT = iphoneos;
				SWIFT_OPTIMIZATION_LEVEL = "-Onone";
			};
			name = Debug;
		};
		BCF07A131A1BAB2300833829 /* Release */ = {
			isa = XCBuildConfiguration;
			buildSettings = {
				ALWAYS_SEARCH_USER_PATHS = NO;
				CLANG_CXX_LANGUAGE_STANDARD = "gnu++0x";
				CLANG_CXX_LIBRARY = "libc++";
				CLANG_ENABLE_MODULES = YES;
				CLANG_ENABLE_OBJC_ARC = YES;
				CLANG_WARN_BOOL_CONVERSION = YES;
				CLANG_WARN_CONSTANT_CONVERSION = YES;
				CLANG_WARN_DIRECT_OBJC_ISA_USAGE = YES_ERROR;
				CLANG_WARN_EMPTY_BODY = YES;
				CLANG_WARN_ENUM_CONVERSION = YES;
				CLANG_WARN_INT_CONVERSION = YES;
				CLANG_WARN_OBJC_ROOT_CLASS = YES_ERROR;
				CLANG_WARN_UNREACHABLE_CODE = YES;
				CLANG_WARN__DUPLICATE_METHOD_MATCH = YES;
				"CODE_SIGN_IDENTITY[sdk=iphoneos*]" = "iPhone Developer";
				COPY_PHASE_STRIP = YES;
				ENABLE_NS_ASSERTIONS = NO;
				ENABLE_STRICT_OBJC_MSGSEND = YES;
				GCC_C_LANGUAGE_STANDARD = gnu99;
				GCC_WARN_64_TO_32_BIT_CONVERSION = YES;
				GCC_WARN_ABOUT_RETURN_TYPE = YES_ERROR;
				GCC_WARN_UNDECLARED_SELECTOR = YES;
				GCC_WARN_UNINITIALIZED_AUTOS = YES_AGGRESSIVE;
				GCC_WARN_UNUSED_FUNCTION = YES;
				GCC_WARN_UNUSED_VARIABLE = YES;
				IPHONEOS_DEPLOYMENT_TARGET = 8.1;
				MTL_ENABLE_DEBUG_INFO = NO;
				SDKROOT = iphoneos;
				VALIDATE_PRODUCT = YES;
			};
			name = Release;
		};
		BCF07A151A1BAB2300833829 /* Debug */ = {
			isa = XCBuildConfiguration;
			buildSettings = {
				ASSETCATALOG_COMPILER_APPICON_NAME = AppIcon;
				INFOPLIST_FILE = Media/Info.plist;
				LD_RUNPATH_SEARCH_PATHS = "$(inherited) @executable_path/Frameworks";
				PRODUCT_NAME = "$(TARGET_NAME)";
			};
			name = Debug;
		};
		BCF07A161A1BAB2300833829 /* Release */ = {
			isa = XCBuildConfiguration;
			buildSettings = {
				ASSETCATALOG_COMPILER_APPICON_NAME = AppIcon;
				INFOPLIST_FILE = Media/Info.plist;
				LD_RUNPATH_SEARCH_PATHS = "$(inherited) @executable_path/Frameworks";
				PRODUCT_NAME = "$(TARGET_NAME)";
			};
			name = Release;
		};
		BCF07A181A1BAB2300833829 /* Debug */ = {
			isa = XCBuildConfiguration;
			buildSettings = {
				BUNDLE_LOADER = "$(TEST_HOST)";
				FRAMEWORK_SEARCH_PATHS = (
					"$(SDKROOT)/Developer/Library/Frameworks",
					"$(inherited)",
				);
				GCC_PREPROCESSOR_DEFINITIONS = (
					"DEBUG=1",
					"$(inherited)",
				);
				INFOPLIST_FILE = MediaTests/Info.plist;
				LD_RUNPATH_SEARCH_PATHS = "$(inherited) @executable_path/Frameworks @loader_path/Frameworks";
				PRODUCT_NAME = "$(TARGET_NAME)";
				TEST_HOST = "$(BUILT_PRODUCTS_DIR)/Media.app/Media";
			};
			name = Debug;
		};
		BCF07A191A1BAB2300833829 /* Release */ = {
			isa = XCBuildConfiguration;
			buildSettings = {
				BUNDLE_LOADER = "$(TEST_HOST)";
				FRAMEWORK_SEARCH_PATHS = (
					"$(SDKROOT)/Developer/Library/Frameworks",
					"$(inherited)",
				);
				INFOPLIST_FILE = MediaTests/Info.plist;
				LD_RUNPATH_SEARCH_PATHS = "$(inherited) @executable_path/Frameworks @loader_path/Frameworks";
				PRODUCT_NAME = "$(TARGET_NAME)";
				TEST_HOST = "$(BUILT_PRODUCTS_DIR)/Media.app/Media";
			};
			name = Release;
		};
/* End XCBuildConfiguration section */

/* Begin XCConfigurationList section */
		BCF079F01A1BAB2200833829 /* Build configuration list for PBXProject "Media" */ = {
			isa = XCConfigurationList;
			buildConfigurations = (
				BCF07A121A1BAB2300833829 /* Debug */,
				BCF07A131A1BAB2300833829 /* Release */,
			);
			defaultConfigurationIsVisible = 0;
			defaultConfigurationName = Release;
		};
		BCF07A141A1BAB2300833829 /* Build configuration list for PBXNativeTarget "Media" */ = {
			isa = XCConfigurationList;
			buildConfigurations = (
				BCF07A151A1BAB2300833829 /* Debug */,
				BCF07A161A1BAB2300833829 /* Release */,
			);
			defaultConfigurationIsVisible = 0;
			defaultConfigurationName = Release;
		};
		BCF07A171A1BAB2300833829 /* Build configuration list for PBXNativeTarget "MediaTests" */ = {
			isa = XCConfigurationList;
			buildConfigurations = (
				BCF07A181A1BAB2300833829 /* Debug */,
				BCF07A191A1BAB2300833829 /* Release */,
			);
			defaultConfigurationIsVisible = 0;
			defaultConfigurationName = Release;
		};
/* End XCConfigurationList section */
	};
	rootObject = BCF079ED1A1BAB2200833829 /* Project object */;
}
